// !$*UTF8*$!
{
	archiveVersion = 1;
	classes = {
	};
	objectVersion = 55;
	objects = {

/* Begin PBXBuildFile section */
		9B2FB65627D9044400AE3BA0 /* AppDelegate.swift in Sources */ = {isa = PBXBuildFile; fileRef = 9B2FB65527D9044400AE3BA0 /* AppDelegate.swift */; };
		9B2FB65827D9044400AE3BA0 /* SceneDelegate.swift in Sources */ = {isa = PBXBuildFile; fileRef = 9B2FB65727D9044400AE3BA0 /* SceneDelegate.swift */; };
		9B2FB65A27D9044400AE3BA0 /* ViewController.swift in Sources */ = {isa = PBXBuildFile; fileRef = 9B2FB65927D9044400AE3BA0 /* ViewController.swift */; };
		9B2FB65D27D9044400AE3BA0 /* Main.storyboard in Resources */ = {isa = PBXBuildFile; fileRef = 9B2FB65B27D9044400AE3BA0 /* Main.storyboard */; };
		9B2FB65F27D9044600AE3BA0 /* Assets.xcassets in Resources */ = {isa = PBXBuildFile; fileRef = 9B2FB65E27D9044600AE3BA0 /* Assets.xcassets */; };
		9B2FB66227D9044600AE3BA0 /* LaunchScreen.storyboard in Resources */ = {isa = PBXBuildFile; fileRef = 9B2FB66027D9044600AE3BA0 /* LaunchScreen.storyboard */; };
		9B2FB66D27D9044700AE3BA0 /* ViperPaternKullanimiTests.swift in Sources */ = {isa = PBXBuildFile; fileRef = 9B2FB66C27D9044700AE3BA0 /* ViperPaternKullanimiTests.swift */; };
		9B2FB67727D9044700AE3BA0 /* ViperPaternKullanimiUITests.swift in Sources */ = {isa = PBXBuildFile; fileRef = 9B2FB67627D9044700AE3BA0 /* ViperPaternKullanimiUITests.swift */; };
		9B2FB67927D9044700AE3BA0 /* ViperPaternKullanimiUITestsLaunchTests.swift in Sources */ = {isa = PBXBuildFile; fileRef = 9B2FB67827D9044700AE3BA0 /* ViperPaternKullanimiUITestsLaunchTests.swift */; };
/* End PBXBuildFile section */

/* Begin PBXContainerItemProxy section */
		9B2FB66927D9044700AE3BA0 /* PBXContainerItemProxy */ = {
			isa = PBXContainerItemProxy;
			containerPortal = 9B2FB64A27D9044400AE3BA0 /* Project object */;
			proxyType = 1;
			remoteGlobalIDString = 9B2FB65127D9044400AE3BA0;
			remoteInfo = ViperPaternKullanimi;
		};
		9B2FB67327D9044700AE3BA0 /* PBXContainerItemProxy */ = {
			isa = PBXContainerItemProxy;
			containerPortal = 9B2FB64A27D9044400AE3BA0 /* Project object */;
			proxyType = 1;
			remoteGlobalIDString = 9B2FB65127D9044400AE3BA0;
			remoteInfo = ViperPaternKullanimi;
		};
/* End PBXContainerItemProxy section */

/* Begin PBXFileReference section */
		9B2FB65227D9044400AE3BA0 /* ViperPaternKullanimi.app */ = {isa = PBXFileReference; explicitFileType = wrapper.application; includeInIndex = 0; path = ViperPaternKullanimi.app; sourceTree = BUILT_PRODUCTS_DIR; };
		9B2FB65527D9044400AE3BA0 /* AppDelegate.swift */ = {isa = PBXFileReference; lastKnownFileType = sourcecode.swift; path = AppDelegate.swift; sourceTree = "<group>"; };
		9B2FB65727D9044400AE3BA0 /* SceneDelegate.swift */ = {isa = PBXFileReference; lastKnownFileType = sourcecode.swift; path = SceneDelegate.swift; sourceTree = "<group>"; };
		9B2FB65927D9044400AE3BA0 /* ViewController.swift */ = {isa = PBXFileReference; lastKnownFileType = sourcecode.swift; path = ViewController.swift; sourceTree = "<group>"; };
		9B2FB65C27D9044400AE3BA0 /* Base */ = {isa = PBXFileReference; lastKnownFileType = file.storyboard; name = Base; path = Base.lproj/Main.storyboard; sourceTree = "<group>"; };
		9B2FB65E27D9044600AE3BA0 /* Assets.xcassets */ = {isa = PBXFileReference; lastKnownFileType = folder.assetcatalog; path = Assets.xcassets; sourceTree = "<group>"; };
		9B2FB66127D9044600AE3BA0 /* Base */ = {isa = PBXFileReference; lastKnownFileType = file.storyboard; name = Base; path = Base.lproj/LaunchScreen.storyboard; sourceTree = "<group>"; };
		9B2FB66327D9044600AE3BA0 /* Info.plist */ = {isa = PBXFileReference; lastKnownFileType = text.plist.xml; path = Info.plist; sourceTree = "<group>"; };
		9B2FB66827D9044700AE3BA0 /* ViperPaternKullanimiTests.xctest */ = {isa = PBXFileReference; explicitFileType = wrapper.cfbundle; includeInIndex = 0; path = ViperPaternKullanimiTests.xctest; sourceTree = BUILT_PRODUCTS_DIR; };
		9B2FB66C27D9044700AE3BA0 /* ViperPaternKullanimiTests.swift */ = {isa = PBXFileReference; lastKnownFileType = sourcecode.swift; path = ViperPaternKullanimiTests.swift; sourceTree = "<group>"; };
		9B2FB67227D9044700AE3BA0 /* ViperPaternKullanimiUITests.xctest */ = {isa = PBXFileReference; explicitFileType = wrapper.cfbundle; includeInIndex = 0; path = ViperPaternKullanimiUITests.xctest; sourceTree = BUILT_PRODUCTS_DIR; };
		9B2FB67627D9044700AE3BA0 /* ViperPaternKullanimiUITests.swift */ = {isa = PBXFileReference; lastKnownFileType = sourcecode.swift; path = ViperPaternKullanimiUITests.swift; sourceTree = "<group>"; };
		9B2FB67827D9044700AE3BA0 /* ViperPaternKullanimiUITestsLaunchTests.swift */ = {isa = PBXFileReference; lastKnownFileType = sourcecode.swift; path = ViperPaternKullanimiUITestsLaunchTests.swift; sourceTree = "<group>"; };
/* End PBXFileReference section */

/* Begin PBXFrameworksBuildPhase section */
		9B2FB64F27D9044400AE3BA0 /* Frameworks */ = {
			isa = PBXFrameworksBuildPhase;
			buildActionMask = 2147483647;
			files = (
			);
			runOnlyForDeploymentPostprocessing = 0;
		};
		9B2FB66527D9044700AE3BA0 /* Frameworks */ = {
			isa = PBXFrameworksBuildPhase;
			buildActionMask = 2147483647;
			files = (
			);
			runOnlyForDeploymentPostprocessing = 0;
		};
		9B2FB66F27D9044700AE3BA0 /* Frameworks */ = {
			isa = PBXFrameworksBuildPhase;
			buildActionMask = 2147483647;
			files = (
			);
			runOnlyForDeploymentPostprocessing = 0;
		};
/* End PBXFrameworksBuildPhase section */

/* Begin PBXGroup section */
		9B2FB64927D9044400AE3BA0 = {
			isa = PBXGroup;
			children = (
				9B2FB65427D9044400AE3BA0 /* ViperPaternKullanimi */,
				9B2FB66B27D9044700AE3BA0 /* ViperPaternKullanimiTests */,
				9B2FB67527D9044700AE3BA0 /* ViperPaternKullanimiUITests */,
				9B2FB65327D9044400AE3BA0 /* Products */,
			);
			sourceTree = "<group>";
		};
		9B2FB65327D9044400AE3BA0 /* Products */ = {
			isa = PBXGroup;
			children = (
				9B2FB65227D9044400AE3BA0 /* ViperPaternKullanimi.app */,
				9B2FB66827D9044700AE3BA0 /* ViperPaternKullanimiTests.xctest */,
				9B2FB67227D9044700AE3BA0 /* ViperPaternKullanimiUITests.xctest */,
			);
			name = Products;
			sourceTree = "<group>";
		};
		9B2FB65427D9044400AE3BA0 /* ViperPaternKullanimi */ = {
			isa = PBXGroup;
			children = (
				9B2FB65527D9044400AE3BA0 /* AppDelegate.swift */,
				9B2FB65727D9044400AE3BA0 /* SceneDelegate.swift */,
				9B2FB65927D9044400AE3BA0 /* ViewController.swift */,
				9B2FB65B27D9044400AE3BA0 /* Main.storyboard */,
				9B2FB65E27D9044600AE3BA0 /* Assets.xcassets */,
				9B2FB66027D9044600AE3BA0 /* LaunchScreen.storyboard */,
				9B2FB66327D9044600AE3BA0 /* Info.plist */,
			);
			path = ViperPaternKullanimi;
			sourceTree = "<group>";
		};
		9B2FB66B27D9044700AE3BA0 /* ViperPaternKullanimiTests */ = {
			isa = PBXGroup;
			children = (
				9B2FB66C27D9044700AE3BA0 /* ViperPaternKullanimiTests.swift */,
			);
			path = ViperPaternKullanimiTests;
			sourceTree = "<group>";
		};
		9B2FB67527D9044700AE3BA0 /* ViperPaternKullanimiUITests */ = {
			isa = PBXGroup;
			children = (
				9B2FB67627D9044700AE3BA0 /* ViperPaternKullanimiUITests.swift */,
				9B2FB67827D9044700AE3BA0 /* ViperPaternKullanimiUITestsLaunchTests.swift */,
			);
			path = ViperPaternKullanimiUITests;
			sourceTree = "<group>";
		};
/* End PBXGroup section */

/* Begin PBXNativeTarget section */
		9B2FB65127D9044400AE3BA0 /* ViperPaternKullanimi */ = {
			isa = PBXNativeTarget;
			buildConfigurationList = 9B2FB67C27D9044700AE3BA0 /* Build configuration list for PBXNativeTarget "ViperPaternKullanimi" */;
			buildPhases = (
				9B2FB64E27D9044400AE3BA0 /* Sources */,
				9B2FB64F27D9044400AE3BA0 /* Frameworks */,
				9B2FB65027D9044400AE3BA0 /* Resources */,
			);
			buildRules = (
			);
			dependencies = (
			);
			name = ViperPaternKullanimi;
			productName = ViperPaternKullanimi;
			productReference = 9B2FB65227D9044400AE3BA0 /* ViperPaternKullanimi.app */;
			productType = "com.apple.product-type.application";
		};
		9B2FB66727D9044700AE3BA0 /* ViperPaternKullanimiTests */ = {
			isa = PBXNativeTarget;
			buildConfigurationList = 9B2FB67F27D9044700AE3BA0 /* Build configuration list for PBXNativeTarget "ViperPaternKullanimiTests" */;
			buildPhases = (
				9B2FB66427D9044700AE3BA0 /* Sources */,
				9B2FB66527D9044700AE3BA0 /* Frameworks */,
				9B2FB66627D9044700AE3BA0 /* Resources */,
			);
			buildRules = (
			);
			dependencies = (
				9B2FB66A27D9044700AE3BA0 /* PBXTargetDependency */,
			);
			name = ViperPaternKullanimiTests;
			productName = ViperPaternKullanimiTests;
			productReference = 9B2FB66827D9044700AE3BA0 /* ViperPaternKullanimiTests.xctest */;
			productType = "com.apple.product-type.bundle.unit-test";
		};
		9B2FB67127D9044700AE3BA0 /* ViperPaternKullanimiUITests */ = {
			isa = PBXNativeTarget;
			buildConfigurationList = 9B2FB68227D9044700AE3BA0 /* Build configuration list for PBXNativeTarget "ViperPaternKullanimiUITests" */;
			buildPhases = (
				9B2FB66E27D9044700AE3BA0 /* Sources */,
				9B2FB66F27D9044700AE3BA0 /* Frameworks */,
				9B2FB67027D9044700AE3BA0 /* Resources */,
			);
			buildRules = (
			);
			dependencies = (
				9B2FB67427D9044700AE3BA0 /* PBXTargetDependency */,
			);
			name = ViperPaternKullanimiUITests;
			productName = ViperPaternKullanimiUITests;
			productReference = 9B2FB67227D9044700AE3BA0 /* ViperPaternKullanimiUITests.xctest */;
			productType = "com.apple.product-type.bundle.ui-testing";
		};
/* End PBXNativeTarget section */

/* Begin PBXProject section */
		9B2FB64A27D9044400AE3BA0 /* Project object */ = {
			isa = PBXProject;
			attributes = {
				BuildIndependentTargetsInParallel = 1;
				LastSwiftUpdateCheck = 1310;
				LastUpgradeCheck = 1310;
				TargetAttributes = {
					9B2FB65127D9044400AE3BA0 = {
						CreatedOnToolsVersion = 13.1;
					};
					9B2FB66727D9044700AE3BA0 = {
						CreatedOnToolsVersion = 13.1;
						TestTargetID = 9B2FB65127D9044400AE3BA0;
					};
					9B2FB67127D9044700AE3BA0 = {
						CreatedOnToolsVersion = 13.1;
						TestTargetID = 9B2FB65127D9044400AE3BA0;
					};
				};
			};
			buildConfigurationList = 9B2FB64D27D9044400AE3BA0 /* Build configuration list for PBXProject "ViperPaternKullanimi" */;
			compatibilityVersion = "Xcode 13.0";
			developmentRegion = en;
			hasScannedForEncodings = 0;
			knownRegions = (
				en,
				Base,
			);
			mainGroup = 9B2FB64927D9044400AE3BA0;
			productRefGroup = 9B2FB65327D9044400AE3BA0 /* Products */;
			projectDirPath = "";
			projectRoot = "";
			targets = (
				9B2FB65127D9044400AE3BA0 /* ViperPaternKullanimi */,
				9B2FB66727D9044700AE3BA0 /* ViperPaternKullanimiTests */,
				9B2FB67127D9044700AE3BA0 /* ViperPaternKullanimiUITests */,
			);
		};
/* End PBXProject section */

/* Begin PBXResourcesBuildPhase section */
		9B2FB65027D9044400AE3BA0 /* Resources */ = {
			isa = PBXResourcesBuildPhase;
			buildActionMask = 2147483647;
			files = (
				9B2FB66227D9044600AE3BA0 /* LaunchScreen.storyboard in Resources */,
				9B2FB65F27D9044600AE3BA0 /* Assets.xcassets in Resources */,
				9B2FB65D27D9044400AE3BA0 /* Main.storyboard in Resources */,
			);
			runOnlyForDeploymentPostprocessing = 0;
		};
		9B2FB66627D9044700AE3BA0 /* Resources */ = {
			isa = PBXResourcesBuildPhase;
			buildActionMask = 2147483647;
			files = (
			);
			runOnlyForDeploymentPostprocessing = 0;
		};
		9B2FB67027D9044700AE3BA0 /* Resources */ = {
			isa = PBXResourcesBuildPhase;
			buildActionMask = 2147483647;
			files = (
			);
			runOnlyForDeploymentPostprocessing = 0;
		};
/* End PBXResourcesBuildPhase section */

/* Begin PBXSourcesBuildPhase section */
		9B2FB64E27D9044400AE3BA0 /* Sources */ = {
			isa = PBXSourcesBuildPhase;
			buildActionMask = 2147483647;
			files = (
				9B2FB65A27D9044400AE3BA0 /* ViewController.swift in Sources */,
				9B2FB65627D9044400AE3BA0 /* AppDelegate.swift in Sources */,
				9B2FB65827D9044400AE3BA0 /* SceneDelegate.swift in Sources */,
			);
			runOnlyForDeploymentPostprocessing = 0;
		};
		9B2FB66427D9044700AE3BA0 /* Sources */ = {
			isa = PBXSourcesBuildPhase;
			buildActionMask = 2147483647;
			files = (
				9B2FB66D27D9044700AE3BA0 /* ViperPaternKullanimiTests.swift in Sources */,
			);
			runOnlyForDeploymentPostprocessing = 0;
		};
		9B2FB66E27D9044700AE3BA0 /* Sources */ = {
			isa = PBXSourcesBuildPhase;
			buildActionMask = 2147483647;
			files = (
				9B2FB67927D9044700AE3BA0 /* ViperPaternKullanimiUITestsLaunchTests.swift in Sources */,
				9B2FB67727D9044700AE3BA0 /* ViperPaternKullanimiUITests.swift in Sources */,
			);
			runOnlyForDeploymentPostprocessing = 0;
		};
/* End PBXSourcesBuildPhase section */

/* Begin PBXTargetDependency section */
		9B2FB66A27D9044700AE3BA0 /* PBXTargetDependency */ = {
			isa = PBXTargetDependency;
			target = 9B2FB65127D9044400AE3BA0 /* ViperPaternKullanimi */;
			targetProxy = 9B2FB66927D9044700AE3BA0 /* PBXContainerItemProxy */;
		};
		9B2FB67427D9044700AE3BA0 /* PBXTargetDependency */ = {
			isa = PBXTargetDependency;
			target = 9B2FB65127D9044400AE3BA0 /* ViperPaternKullanimi */;
			targetProxy = 9B2FB67327D9044700AE3BA0 /* PBXContainerItemProxy */;
		};
/* End PBXTargetDependency section */

/* Begin PBXVariantGroup section */
		9B2FB65B27D9044400AE3BA0 /* Main.storyboard */ = {
			isa = PBXVariantGroup;
			children = (
				9B2FB65C27D9044400AE3BA0 /* Base */,
			);
			name = Main.storyboard;
			sourceTree = "<group>";
		};
		9B2FB66027D9044600AE3BA0 /* LaunchScreen.storyboard */ = {
			isa = PBXVariantGroup;
			children = (
				9B2FB66127D9044600AE3BA0 /* Base */,
			);
			name = LaunchScreen.storyboard;
			sourceTree = "<group>";
		};
/* End PBXVariantGroup section */

/* Begin XCBuildConfiguration section */
		9B2FB67A27D9044700AE3BA0 /* Debug */ = {
			isa = XCBuildConfiguration;
			buildSettings = {
				ALWAYS_SEARCH_USER_PATHS = NO;
				CLANG_ANALYZER_NONNULL = YES;
				CLANG_ANALYZER_NUMBER_OBJECT_CONVERSION = YES_AGGRESSIVE;
				CLANG_CXX_LANGUAGE_STANDARD = "gnu++17";
				CLANG_CXX_LIBRARY = "libc++";
				CLANG_ENABLE_MODULES = YES;
				CLANG_ENABLE_OBJC_ARC = YES;
				CLANG_ENABLE_OBJC_WEAK = YES;
				CLANG_WARN_BLOCK_CAPTURE_AUTORELEASING = YES;
				CLANG_WARN_BOOL_CONVERSION = YES;
				CLANG_WARN_COMMA = YES;
				CLANG_WARN_CONSTANT_CONVERSION = YES;
				CLANG_WARN_DEPRECATED_OBJC_IMPLEMENTATIONS = YES;
				CLANG_WARN_DIRECT_OBJC_ISA_USAGE = YES_ERROR;
				CLANG_WARN_DOCUMENTATION_COMMENTS = YES;
				CLANG_WARN_EMPTY_BODY = YES;
				CLANG_WARN_ENUM_CONVERSION = YES;
				CLANG_WARN_INFINITE_RECURSION = YES;
				CLANG_WARN_INT_CONVERSION = YES;
				CLANG_WARN_NON_LITERAL_NULL_CONVERSION = YES;
				CLANG_WARN_OBJC_IMPLICIT_RETAIN_SELF = YES;
				CLANG_WARN_OBJC_LITERAL_CONVERSION = YES;
				CLANG_WARN_OBJC_ROOT_CLASS = YES_ERROR;
				CLANG_WARN_QUOTED_INCLUDE_IN_FRAMEWORK_HEADER = YES;
				CLANG_WARN_RANGE_LOOP_ANALYSIS = YES;
				CLANG_WARN_STRICT_PROTOTYPES = YES;
				CLANG_WARN_SUSPICIOUS_MOVE = YES;
				CLANG_WARN_UNGUARDED_AVAILABILITY = YES_AGGRESSIVE;
				CLANG_WARN_UNREACHABLE_CODE = YES;
				CLANG_WARN__DUPLICATE_METHOD_MATCH = YES;
				COPY_PHASE_STRIP = NO;
				DEBUG_INFORMATION_FORMAT = dwarf;
				ENABLE_STRICT_OBJC_MSGSEND = YES;
				ENABLE_TESTABILITY = YES;
				GCC_C_LANGUAGE_STANDARD = gnu11;
				GCC_DYNAMIC_NO_PIC = NO;
				GCC_NO_COMMON_BLOCKS = YES;
				GCC_OPTIMIZATION_LEVEL = 0;
				GCC_PREPROCESSOR_DEFINITIONS = (
					"DEBUG=1",
					"$(inherited)",
				);
				GCC_WARN_64_TO_32_BIT_CONVERSION = YES;
				GCC_WARN_ABOUT_RETURN_TYPE = YES_ERROR;
				GCC_WARN_UNDECLARED_SELECTOR = YES;
				GCC_WARN_UNINITIALIZED_AUTOS = YES_AGGRESSIVE;
				GCC_WARN_UNUSED_FUNCTION = YES;
				GCC_WARN_UNUSED_VARIABLE = YES;
				IPHONEOS_DEPLOYMENT_TARGET = 15.0;
				MTL_ENABLE_DEBUG_INFO = INCLUDE_SOURCE;
				MTL_FAST_MATH = YES;
				ONLY_ACTIVE_ARCH = YES;
				SDKROOT = iphoneos;
				SWIFT_ACTIVE_COMPILATION_CONDITIONS = DEBUG;
				SWIFT_OPTIMIZATION_LEVEL = "-Onone";
			};
			name = Debug;
		};
		9B2FB67B27D9044700AE3BA0 /* Release */ = {
			isa = XCBuildConfiguration;
			buildSettings = {
				ALWAYS_SEARCH_USER_PATHS = NO;
				CLANG_ANALYZER_NONNULL = YES;
				CLANG_ANALYZER_NUMBER_OBJECT_CONVERSION = YES_AGGRESSIVE;
				CLANG_CXX_LANGUAGE_STANDARD = "gnu++17";
				CLANG_CXX_LIBRARY = "libc++";
				CLANG_ENABLE_MODULES = YES;
				CLANG_ENABLE_OBJC_ARC = YES;
				CLANG_ENABLE_OBJC_WEAK = YES;
				CLANG_WARN_BLOCK_CAPTURE_AUTORELEASING = YES;
				CLANG_WARN_BOOL_CONVERSION = YES;
				CLANG_WARN_COMMA = YES;
				CLANG_WARN_CONSTANT_CONVERSION = YES;
				CLANG_WARN_DEPRECATED_OBJC_IMPLEMENTATIONS = YES;
				CLANG_WARN_DIRECT_OBJC_ISA_USAGE = YES_ERROR;
				CLANG_WARN_DOCUMENTATION_COMMENTS = YES;
				CLANG_WARN_EMPTY_BODY = YES;
				CLANG_WARN_ENUM_CONVERSION = YES;
				CLANG_WARN_INFINITE_RECURSION = YES;
				CLANG_WARN_INT_CONVERSION = YES;
				CLANG_WARN_NON_LITERAL_NULL_CONVERSION = YES;
				CLANG_WARN_OBJC_IMPLICIT_RETAIN_SELF = YES;
				CLANG_WARN_OBJC_LITERAL_CONVERSION = YES;
				CLANG_WARN_OBJC_ROOT_CLASS = YES_ERROR;
				CLANG_WARN_QUOTED_INCLUDE_IN_FRAMEWORK_HEADER = YES;
				CLANG_WARN_RANGE_LOOP_ANALYSIS = YES;
				CLANG_WARN_STRICT_PROTOTYPES = YES;
				CLANG_WARN_SUSPICIOUS_MOVE = YES;
				CLANG_WARN_UNGUARDED_AVAILABILITY = YES_AGGRESSIVE;
				CLANG_WARN_UNREACHABLE_CODE = YES;
				CLANG_WARN__DUPLICATE_METHOD_MATCH = YES;
				COPY_PHASE_STRIP = NO;
				DEBUG_INFORMATION_FORMAT = "dwarf-with-dsym";
				ENABLE_NS_ASSERTIONS = NO;
				ENABLE_STRICT_OBJC_MSGSEND = YES;
				GCC_C_LANGUAGE_STANDARD = gnu11;
				GCC_NO_COMMON_BLOCKS = YES;
				GCC_WARN_64_TO_32_BIT_CONVERSION = YES;
				GCC_WARN_ABOUT_RETURN_TYPE = YES_ERROR;
				GCC_WARN_UNDECLARED_SELECTOR = YES;
				GCC_WARN_UNINITIALIZED_AUTOS = YES_AGGRESSIVE;
				GCC_WARN_UNUSED_FUNCTION = YES;
				GCC_WARN_UNUSED_VARIABLE = YES;
				IPHONEOS_DEPLOYMENT_TARGET = 15.0;
				MTL_ENABLE_DEBUG_INFO = NO;
				MTL_FAST_MATH = YES;
				SDKROOT = iphoneos;
				SWIFT_COMPILATION_MODE = wholemodule;
				SWIFT_OPTIMIZATION_LEVEL = "-O";
				VALIDATE_PRODUCT = YES;
			};
			name = Release;
		};
		9B2FB67D27D9044700AE3BA0 /* Debug */ = {
			isa = XCBuildConfiguration;
			buildSettings = {
				ASSETCATALOG_COMPILER_APPICON_NAME = AppIcon;
				ASSETCATALOG_COMPILER_GLOBAL_ACCENT_COLOR_NAME = AccentColor;
				CODE_SIGN_STYLE = Automatic;
				CURRENT_PROJECT_VERSION = 1;
				GENERATE_INFOPLIST_FILE = YES;
				INFOPLIST_FILE = ViperPaternKullanimi/Info.plist;
				INFOPLIST_KEY_UIApplicationSupportsIndirectInputEvents = YES;
				INFOPLIST_KEY_UILaunchStoryboardName = LaunchScreen;
				INFOPLIST_KEY_UIMainStoryboardFile = Main;
				INFOPLIST_KEY_UISupportedInterfaceOrientations_iPad = "UIInterfaceOrientationPortrait UIInterfaceOrientationPortraitUpsideDown UIInterfaceOrientationLandscapeLeft UIInterfaceOrientationLandscapeRight";
				INFOPLIST_KEY_UISupportedInterfaceOrientations_iPhone = "UIInterfaceOrientationPortrait UIInterfaceOrientationLandscapeLeft UIInterfaceOrientationLandscapeRight";
				LD_RUNPATH_SEARCH_PATHS = (
					"$(inherited)",
					"@executable_path/Frameworks",
				);
				MARKETING_VERSION = 1.0;
				PRODUCT_BUNDLE_IDENTIFIER = com.info.ViperPaternKullanimi;
				PRODUCT_NAME = "$(TARGET_NAME)";
				SWIFT_EMIT_LOC_STRINGS = YES;
				SWIFT_VERSION = 5.0;
				TARGETED_DEVICE_FAMILY = "1,2";
			};
			name = Debug;
		};
		9B2FB67E27D9044700AE3BA0 /* Release */ = {
			isa = XCBuildConfiguration;
			buildSettings = {
				ASSETCATALOG_COMPILER_APPICON_NAME = AppIcon;
				ASSETCATALOG_COMPILER_GLOBAL_ACCENT_COLOR_NAME = AccentColor;
				CODE_SIGN_STYLE = Automatic;
				CURRENT_PROJECT_VERSION = 1;
				GENERATE_INFOPLIST_FILE = YES;
				INFOPLIST_FILE = ViperPaternKullanimi/Info.plist;
				INFOPLIST_KEY_UIApplicationSupportsIndirectInputEvents = YES;
				INFOPLIST_KEY_UILaunchStoryboardName = LaunchScreen;
				INFOPLIST_KEY_UIMainStoryboardFile = Main;
				INFOPLIST_KEY_UISupportedInterfaceOrientations_iPad = "UIInterfaceOrientationPortrait UIInterfaceOrientationPortraitUpsideDown UIInterfaceOrientationLandscapeLeft UIInterfaceOrientationLandscapeRight";
				INFOPLIST_KEY_UISupportedInterfaceOrientations_iPhone = "UIInterfaceOrientationPortrait UIInterfaceOrientationLandscapeLeft UIInterfaceOrientationLandscapeRight";
				LD_RUNPATH_SEARCH_PATHS = (
					"$(inherited)",
					"@executable_path/Frameworks",
				);
				MARKETING_VERSION = 1.0;
				PRODUCT_BUNDLE_IDENTIFIER = com.info.ViperPaternKullanimi;
				PRODUCT_NAME = "$(TARGET_NAME)";
				SWIFT_EMIT_LOC_STRINGS = YES;
				SWIFT_VERSION = 5.0;
				TARGETED_DEVICE_FAMILY = "1,2";
			};
			name = Release;
		};
		9B2FB68027D9044700AE3BA0 /* Debug */ = {
			isa = XCBuildConfiguration;
			buildSettings = {
				ALWAYS_EMBED_SWIFT_STANDARD_LIBRARIES = YES;
				BUNDLE_LOADER = "$(TEST_HOST)";
				CODE_SIGN_STYLE = Automatic;
				CURRENT_PROJECT_VERSION = 1;
				GENERATE_INFOPLIST_FILE = YES;
				IPHONEOS_DEPLOYMENT_TARGET = 15.0;
				LD_RUNPATH_SEARCH_PATHS = (
					"$(inherited)",
					"@executable_path/Frameworks",
					"@loader_path/Frameworks",
				);
				MARKETING_VERSION = 1.0;
				PRODUCT_BUNDLE_IDENTIFIER = com.info.ViperPaternKullanimiTests;
				PRODUCT_NAME = "$(TARGET_NAME)";
				SWIFT_EMIT_LOC_STRINGS = NO;
				SWIFT_VERSION = 5.0;
				TARGETED_DEVICE_FAMILY = "1,2";
				TEST_HOST = "$(BUILT_PRODUCTS_DIR)/ViperPaternKullanimi.app/ViperPaternKullanimi";
			};
			name = Debug;
		};
		9B2FB68127D9044700AE3BA0 /* Release */ = {
			isa = XCBuildConfiguration;
			buildSettings = {
				ALWAYS_EMBED_SWIFT_STANDARD_LIBRARIES = YES;
				BUNDLE_LOADER = "$(TEST_HOST)";
				CODE_SIGN_STYLE = Automatic;
				CURRENT_PROJECT_VERSION = 1;
				GENERATE_INFOPLIST_FILE = YES;
				IPHONEOS_DEPLOYMENT_TARGET = 15.0;
				LD_RUNPATH_SEARCH_PATHS = (
					"$(inherited)",
					"@executable_path/Frameworks",
					"@loader_path/Frameworks",
				);
				MARKETING_VERSION = 1.0;
				PRODUCT_BUNDLE_IDENTIFIER = com.info.ViperPaternKullanimiTests;
				PRODUCT_NAME = "$(TARGET_NAME)";
				SWIFT_EMIT_LOC_STRINGS = NO;
				SWIFT_VERSION = 5.0;
				TARGETED_DEVICE_FAMILY = "1,2";
				TEST_HOST = "$(BUILT_PRODUCTS_DIR)/ViperPaternKullanimi.app/ViperPaternKullanimi";
			};
			name = Release;
		};
		9B2FB68327D9044700AE3BA0 /* Debug */ = {
			isa = XCBuildConfiguration;
			buildSettings = {
				ALWAYS_EMBED_SWIFT_STANDARD_LIBRARIES = YES;
				CODE_SIGN_STYLE = Automatic;
				CURRENT_PROJECT_VERSION = 1;
				GENERATE_INFOPLIST_FILE = YES;
				LD_RUNPATH_SEARCH_PATHS = (
					"$(inherited)",
					"@executable_path/Frameworks",
					"@loader_path/Frameworks",
				);
				MARKETING_VERSION = 1.0;
				PRODUCT_BUNDLE_IDENTIFIER = com.info.ViperPaternKullanimiUITests;
				PRODUCT_NAME = "$(TARGET_NAME)";
				SWIFT_EMIT_LOC_STRINGS = NO;
				SWIFT_VERSION = 5.0;
				TARGETED_DEVICE_FAMILY = "1,2";
				TEST_TARGET_NAME = ViperPaternKullanimi;
			};
			name = Debug;
		};
		9B2FB68427D9044700AE3BA0 /* Release */ = {
			isa = XCBuildConfiguration;
			buildSettings = {
				ALWAYS_EMBED_SWIFT_STANDARD_LIBRARIES = YES;
				CODE_SIGN_STYLE = Automatic;
				CURRENT_PROJECT_VERSION = 1;
				GENERATE_INFOPLIST_FILE = YES;
				LD_RUNPATH_SEARCH_PATHS = (
					"$(inherited)",
					"@executable_path/Frameworks",
					"@loader_path/Frameworks",
				);
				MARKETING_VERSION = 1.0;
				PRODUCT_BUNDLE_IDENTIFIER = com.info.ViperPaternKullanimiUITests;
				PRODUCT_NAME = "$(TARGET_NAME)";
				SWIFT_EMIT_LOC_STRINGS = NO;
				SWIFT_VERSION = 5.0;
				TARGETED_DEVICE_FAMILY = "1,2";
				TEST_TARGET_NAME = ViperPaternKullanimi;
			};
			name = Release;
		};
/* End XCBuildConfiguration section */

/* Begin XCConfigurationList section */
		9B2FB64D27D9044400AE3BA0 /* Build configuration list for PBXProject "ViperPaternKullanimi" */ = {
			isa = XCConfigurationList;
			buildConfigurations = (
				9B2FB67A27D9044700AE3BA0 /* Debug */,
				9B2FB67B27D9044700AE3BA0 /* Release */,
			);
			defaultConfigurationIsVisible = 0;
			defaultConfigurationName = Release;
		};
		9B2FB67C27D9044700AE3BA0 /* Build configuration list for PBXNativeTarget "ViperPaternKullanimi" */ = {
			isa = XCConfigurationList;
			buildConfigurations = (
				9B2FB67D27D9044700AE3BA0 /* Debug */,
				9B2FB67E27D9044700AE3BA0 /* Release */,
			);
			defaultConfigurationIsVisible = 0;
			defaultConfigurationName = Release;
		};
		9B2FB67F27D9044700AE3BA0 /* Build configuration list for PBXNativeTarget "ViperPaternKullanimiTests" */ = {
			isa = XCConfigurationList;
			buildConfigurations = (
				9B2FB68027D9044700AE3BA0 /* Debug */,
				9B2FB68127D9044700AE3BA0 /* Release */,
			);
			defaultConfigurationIsVisible = 0;
			defaultConfigurationName = Release;
		};
		9B2FB68227D9044700AE3BA0 /* Build configuration list for PBXNativeTarget "ViperPaternKullanimiUITests" */ = {
			isa = XCConfigurationList;
			buildConfigurations = (
				9B2FB68327D9044700AE3BA0 /* Debug */,
				9B2FB68427D9044700AE3BA0 /* Release */,
			);
			defaultConfigurationIsVisible = 0;
			defaultConfigurationName = Release;
		};
/* End XCConfigurationList section */
	};
	rootObject = 9B2FB64A27D9044400AE3BA0 /* Project object */;
}
