// !$*UTF8*$!
{
	archiveVersion = 1;
	classes = {
	};
	objectVersion = 55;
	objects = {

/* Begin PBXBuildFile section */
		9BB4155E27E72B7000846D5E /* AppDelegate.swift in Sources */ = {isa = PBXBuildFile; fileRef = 9BB4155D27E72B7000846D5E /* AppDelegate.swift */; };
		9BB4156027E72B7000846D5E /* SceneDelegate.swift in Sources */ = {isa = PBXBuildFile; fileRef = 9BB4155F27E72B7000846D5E /* SceneDelegate.swift */; };
		9BB4156227E72B7000846D5E /* AnasayfaVC.swift in Sources */ = {isa = PBXBuildFile; fileRef = 9BB4156127E72B7000846D5E /* AnasayfaVC.swift */; };
		9BB4156527E72B7000846D5E /* Main.storyboard in Resources */ = {isa = PBXBuildFile; fileRef = 9BB4156327E72B7000846D5E /* Main.storyboard */; };
		9BB4156727E72B7200846D5E /* Assets.xcassets in Resources */ = {isa = PBXBuildFile; fileRef = 9BB4156627E72B7200846D5E /* Assets.xcassets */; };
		9BB4156A27E72B7200846D5E /* LaunchScreen.storyboard in Resources */ = {isa = PBXBuildFile; fileRef = 9BB4156827E72B7200846D5E /* LaunchScreen.storyboard */; };
		9BB4157527E72B7300846D5E /* ToDoAppWithViperPatternAndSqlLiteTests.swift in Sources */ = {isa = PBXBuildFile; fileRef = 9BB4157427E72B7300846D5E /* ToDoAppWithViperPatternAndSqlLiteTests.swift */; };
		9BB4157F27E72B7300846D5E /* ToDoAppWithViperPatternAndSqlLiteUITests.swift in Sources */ = {isa = PBXBuildFile; fileRef = 9BB4157E27E72B7300846D5E /* ToDoAppWithViperPatternAndSqlLiteUITests.swift */; };
		9BB4158127E72B7300846D5E /* ToDoAppWithViperPatternAndSqlLiteUITestsLaunchTests.swift in Sources */ = {isa = PBXBuildFile; fileRef = 9BB4158027E72B7300846D5E /* ToDoAppWithViperPatternAndSqlLiteUITestsLaunchTests.swift */; };
		9BB4159327E72FD600846D5E /* Yapilacaklar.swift in Sources */ = {isa = PBXBuildFile; fileRef = 9BB4159227E72FD600846D5E /* Yapilacaklar.swift */; };
		9BB415B127E73C5900846D5E /* TableViewHucre.swift in Sources */ = {isa = PBXBuildFile; fileRef = 9BB415B027E73C5800846D5E /* TableViewHucre.swift */; };
		9BB415B327E73E4300846D5E /* AnasayfaProtocols.swift in Sources */ = {isa = PBXBuildFile; fileRef = 9BB415B227E73E4300846D5E /* AnasayfaProtocols.swift */; };
		9BB415B527E73E9900846D5E /* AnasayfaPresenter.swift in Sources */ = {isa = PBXBuildFile; fileRef = 9BB415B427E73E9900846D5E /* AnasayfaPresenter.swift */; };
		9BB415B727E7403200846D5E /* AnasayfaInteractor.swift in Sources */ = {isa = PBXBuildFile; fileRef = 9BB415B627E7403200846D5E /* AnasayfaInteractor.swift */; };
		9BB415B927E7409A00846D5E /* AnasayfaRouter.swift in Sources */ = {isa = PBXBuildFile; fileRef = 9BB415B827E7409A00846D5E /* AnasayfaRouter.swift */; };
		9BB415BB27E7440B00846D5E /* YapilacakKayitVC.swift in Sources */ = {isa = PBXBuildFile; fileRef = 9BB415BA27E7440B00846D5E /* YapilacakKayitVC.swift */; };
		9BB415BD27E7444B00846D5E /* YapilacakDetayVC.swift in Sources */ = {isa = PBXBuildFile; fileRef = 9BB415BC27E7444B00846D5E /* YapilacakDetayVC.swift */; };
		9BB415BF27E7494300846D5E /* YapilacakDetayRouter.swift in Sources */ = {isa = PBXBuildFile; fileRef = 9BB415BE27E7494300846D5E /* YapilacakDetayRouter.swift */; };
		9BB415C127E7499000846D5E /* YapilacakDetayPresenter.swift in Sources */ = {isa = PBXBuildFile; fileRef = 9BB415C027E7499000846D5E /* YapilacakDetayPresenter.swift */; };
		9BB415C327E749B000846D5E /* YapilacakDetayProtocols.swift in Sources */ = {isa = PBXBuildFile; fileRef = 9BB415C227E749B000846D5E /* YapilacakDetayProtocols.swift */; };
		9BB415C527E749CD00846D5E /* YapilacakDetayInteractor.swift in Sources */ = {isa = PBXBuildFile; fileRef = 9BB415C427E749CD00846D5E /* YapilacakDetayInteractor.swift */; };
		9BB415C727E799A100846D5E /* YapilacakKayitProtocols.swift in Sources */ = {isa = PBXBuildFile; fileRef = 9BB415C627E799A100846D5E /* YapilacakKayitProtocols.swift */; };
		9BB415C927E799F900846D5E /* YapilacakKayitPresenter.swift in Sources */ = {isa = PBXBuildFile; fileRef = 9BB415C827E799F900846D5E /* YapilacakKayitPresenter.swift */; };
		9BB415CB27E79A6900846D5E /* YapilacakKayitRouter.swift in Sources */ = {isa = PBXBuildFile; fileRef = 9BB415CA27E79A6900846D5E /* YapilacakKayitRouter.swift */; };
		9BB415CD27E79AA000846D5E /* YapilacakKayitInteractor.swift in Sources */ = {isa = PBXBuildFile; fileRef = 9BB415CC27E79AA000846D5E /* YapilacakKayitInteractor.swift */; };
/* End PBXBuildFile section */

/* Begin PBXContainerItemProxy section */
		9BB4157127E72B7300846D5E /* PBXContainerItemProxy */ = {
			isa = PBXContainerItemProxy;
			containerPortal = 9BB4155227E72B7000846D5E /* Project object */;
			proxyType = 1;
			remoteGlobalIDString = 9BB4155927E72B7000846D5E;
			remoteInfo = ToDoAppWithViperPatternAndSqlLite;
		};
		9BB4157B27E72B7300846D5E /* PBXContainerItemProxy */ = {
			isa = PBXContainerItemProxy;
			containerPortal = 9BB4155227E72B7000846D5E /* Project object */;
			proxyType = 1;
			remoteGlobalIDString = 9BB4155927E72B7000846D5E;
			remoteInfo = ToDoAppWithViperPatternAndSqlLite;
		};
/* End PBXContainerItemProxy section */

/* Begin PBXFileReference section */
		9BB4155A27E72B7000846D5E /* ToDoAppWithViperPatternAndSqlLite.app */ = {isa = PBXFileReference; explicitFileType = wrapper.application; includeInIndex = 0; path = ToDoAppWithViperPatternAndSqlLite.app; sourceTree = BUILT_PRODUCTS_DIR; };
		9BB4155D27E72B7000846D5E /* AppDelegate.swift */ = {isa = PBXFileReference; lastKnownFileType = sourcecode.swift; path = AppDelegate.swift; sourceTree = "<group>"; };
		9BB4155F27E72B7000846D5E /* SceneDelegate.swift */ = {isa = PBXFileReference; lastKnownFileType = sourcecode.swift; path = SceneDelegate.swift; sourceTree = "<group>"; };
		9BB4156127E72B7000846D5E /* AnasayfaVC.swift */ = {isa = PBXFileReference; lastKnownFileType = sourcecode.swift; path = AnasayfaVC.swift; sourceTree = "<group>"; };
		9BB4156427E72B7000846D5E /* Base */ = {isa = PBXFileReference; lastKnownFileType = file.storyboard; name = Base; path = Base.lproj/Main.storyboard; sourceTree = "<group>"; };
		9BB4156627E72B7200846D5E /* Assets.xcassets */ = {isa = PBXFileReference; lastKnownFileType = folder.assetcatalog; path = Assets.xcassets; sourceTree = "<group>"; };
		9BB4156927E72B7200846D5E /* Base */ = {isa = PBXFileReference; lastKnownFileType = file.storyboard; name = Base; path = Base.lproj/LaunchScreen.storyboard; sourceTree = "<group>"; };
		9BB4156B27E72B7200846D5E /* Info.plist */ = {isa = PBXFileReference; lastKnownFileType = text.plist.xml; path = Info.plist; sourceTree = "<group>"; };
		9BB4157027E72B7300846D5E /* ToDoAppWithViperPatternAndSqlLiteTests.xctest */ = {isa = PBXFileReference; explicitFileType = wrapper.cfbundle; includeInIndex = 0; path = ToDoAppWithViperPatternAndSqlLiteTests.xctest; sourceTree = BUILT_PRODUCTS_DIR; };
		9BB4157427E72B7300846D5E /* ToDoAppWithViperPatternAndSqlLiteTests.swift */ = {isa = PBXFileReference; lastKnownFileType = sourcecode.swift; path = ToDoAppWithViperPatternAndSqlLiteTests.swift; sourceTree = "<group>"; };
		9BB4157A27E72B7300846D5E /* ToDoAppWithViperPatternAndSqlLiteUITests.xctest */ = {isa = PBXFileReference; explicitFileType = wrapper.cfbundle; includeInIndex = 0; path = ToDoAppWithViperPatternAndSqlLiteUITests.xctest; sourceTree = BUILT_PRODUCTS_DIR; };
		9BB4157E27E72B7300846D5E /* ToDoAppWithViperPatternAndSqlLiteUITests.swift */ = {isa = PBXFileReference; lastKnownFileType = sourcecode.swift; path = ToDoAppWithViperPatternAndSqlLiteUITests.swift; sourceTree = "<group>"; };
		9BB4158027E72B7300846D5E /* ToDoAppWithViperPatternAndSqlLiteUITestsLaunchTests.swift */ = {isa = PBXFileReference; lastKnownFileType = sourcecode.swift; path = ToDoAppWithViperPatternAndSqlLiteUITestsLaunchTests.swift; sourceTree = "<group>"; };
		9BB4159227E72FD600846D5E /* Yapilacaklar.swift */ = {isa = PBXFileReference; lastKnownFileType = sourcecode.swift; path = Yapilacaklar.swift; sourceTree = "<group>"; };
		9BB415B027E73C5800846D5E /* TableViewHucre.swift */ = {isa = PBXFileReference; lastKnownFileType = sourcecode.swift; path = TableViewHucre.swift; sourceTree = "<group>"; };
		9BB415B227E73E4300846D5E /* AnasayfaProtocols.swift */ = {isa = PBXFileReference; fileEncoding = 4; lastKnownFileType = sourcecode.swift; path = AnasayfaProtocols.swift; sourceTree = "<group>"; };
		9BB415B427E73E9900846D5E /* AnasayfaPresenter.swift */ = {isa = PBXFileReference; fileEncoding = 4; lastKnownFileType = sourcecode.swift; path = AnasayfaPresenter.swift; sourceTree = "<group>"; };
		9BB415B627E7403200846D5E /* AnasayfaInteractor.swift */ = {isa = PBXFileReference; fileEncoding = 4; lastKnownFileType = sourcecode.swift; path = AnasayfaInteractor.swift; sourceTree = "<group>"; };
		9BB415B827E7409A00846D5E /* AnasayfaRouter.swift */ = {isa = PBXFileReference; fileEncoding = 4; lastKnownFileType = sourcecode.swift; path = AnasayfaRouter.swift; sourceTree = "<group>"; };
		9BB415BA27E7440B00846D5E /* YapilacakKayitVC.swift */ = {isa = PBXFileReference; lastKnownFileType = sourcecode.swift; path = YapilacakKayitVC.swift; sourceTree = "<group>"; };
		9BB415BC27E7444B00846D5E /* YapilacakDetayVC.swift */ = {isa = PBXFileReference; lastKnownFileType = sourcecode.swift; path = YapilacakDetayVC.swift; sourceTree = "<group>"; };
		9BB415BE27E7494300846D5E /* YapilacakDetayRouter.swift */ = {isa = PBXFileReference; lastKnownFileType = sourcecode.swift; path = YapilacakDetayRouter.swift; sourceTree = "<group>"; };
		9BB415C027E7499000846D5E /* YapilacakDetayPresenter.swift */ = {isa = PBXFileReference; fileEncoding = 4; lastKnownFileType = sourcecode.swift; path = YapilacakDetayPresenter.swift; sourceTree = "<group>"; };
		9BB415C227E749B000846D5E /* YapilacakDetayProtocols.swift */ = {isa = PBXFileReference; fileEncoding = 4; lastKnownFileType = sourcecode.swift; path = YapilacakDetayProtocols.swift; sourceTree = "<group>"; };
		9BB415C427E749CD00846D5E /* YapilacakDetayInteractor.swift */ = {isa = PBXFileReference; fileEncoding = 4; lastKnownFileType = sourcecode.swift; path = YapilacakDetayInteractor.swift; sourceTree = "<group>"; };
		9BB415C627E799A100846D5E /* YapilacakKayitProtocols.swift */ = {isa = PBXFileReference; fileEncoding = 4; lastKnownFileType = sourcecode.swift; path = YapilacakKayitProtocols.swift; sourceTree = "<group>"; };
		9BB415C827E799F900846D5E /* YapilacakKayitPresenter.swift */ = {isa = PBXFileReference; fileEncoding = 4; lastKnownFileType = sourcecode.swift; path = YapilacakKayitPresenter.swift; sourceTree = "<group>"; };
		9BB415CA27E79A6900846D5E /* YapilacakKayitRouter.swift */ = {isa = PBXFileReference; fileEncoding = 4; lastKnownFileType = sourcecode.swift; path = YapilacakKayitRouter.swift; sourceTree = "<group>"; };
		9BB415CC27E79AA000846D5E /* YapilacakKayitInteractor.swift */ = {isa = PBXFileReference; fileEncoding = 4; lastKnownFileType = sourcecode.swift; path = YapilacakKayitInteractor.swift; sourceTree = "<group>"; };
/* End PBXFileReference section */

/* Begin PBXFrameworksBuildPhase section */
		9BB4155727E72B7000846D5E /* Frameworks */ = {
			isa = PBXFrameworksBuildPhase;
			buildActionMask = 2147483647;
			files = (
			);
			runOnlyForDeploymentPostprocessing = 0;
		};
		9BB4156D27E72B7300846D5E /* Frameworks */ = {
			isa = PBXFrameworksBuildPhase;
			buildActionMask = 2147483647;
			files = (
			);
			runOnlyForDeploymentPostprocessing = 0;
		};
		9BB4157727E72B7300846D5E /* Frameworks */ = {
			isa = PBXFrameworksBuildPhase;
			buildActionMask = 2147483647;
			files = (
			);
			runOnlyForDeploymentPostprocessing = 0;
		};
/* End PBXFrameworksBuildPhase section */

/* Begin PBXGroup section */
		9BB4155127E72B7000846D5E = {
			isa = PBXGroup;
			children = (
				9BB4155C27E72B7000846D5E /* ToDoAppWithViperPatternAndSqlLite */,
				9BB4157327E72B7300846D5E /* ToDoAppWithViperPatternAndSqlLiteTests */,
				9BB4157D27E72B7300846D5E /* ToDoAppWithViperPatternAndSqlLiteUITests */,
				9BB4155B27E72B7000846D5E /* Products */,
			);
			sourceTree = "<group>";
		};
		9BB4155B27E72B7000846D5E /* Products */ = {
			isa = PBXGroup;
			children = (
				9BB4155A27E72B7000846D5E /* ToDoAppWithViperPatternAndSqlLite.app */,
				9BB4157027E72B7300846D5E /* ToDoAppWithViperPatternAndSqlLiteTests.xctest */,
				9BB4157A27E72B7300846D5E /* ToDoAppWithViperPatternAndSqlLiteUITests.xctest */,
			);
			name = Products;
			sourceTree = "<group>";
		};
		9BB4155C27E72B7000846D5E /* ToDoAppWithViperPatternAndSqlLite */ = {
			isa = PBXGroup;
			children = (
				9BB4159127E72FBB00846D5E /* entity */,
				9BB4159027E72EC400846D5E /* yapilacakdetay-module */,
				9BB4158F27E72EA300846D5E /* yapilacakkayit-module */,
				9BB4158D27E72E8B00846D5E /* anasayfa-module */,
				9BB4155D27E72B7000846D5E /* AppDelegate.swift */,
				9BB4155F27E72B7000846D5E /* SceneDelegate.swift */,
				9BB4156327E72B7000846D5E /* Main.storyboard */,
				9BB4156627E72B7200846D5E /* Assets.xcassets */,
				9BB4156827E72B7200846D5E /* LaunchScreen.storyboard */,
				9BB4156B27E72B7200846D5E /* Info.plist */,
			);
			path = ToDoAppWithViperPatternAndSqlLite;
			sourceTree = "<group>";
		};
		9BB4157327E72B7300846D5E /* ToDoAppWithViperPatternAndSqlLiteTests */ = {
			isa = PBXGroup;
			children = (
				9BB4157427E72B7300846D5E /* ToDoAppWithViperPatternAndSqlLiteTests.swift */,
			);
			path = ToDoAppWithViperPatternAndSqlLiteTests;
			sourceTree = "<group>";
		};
		9BB4157D27E72B7300846D5E /* ToDoAppWithViperPatternAndSqlLiteUITests */ = {
			isa = PBXGroup;
			children = (
				9BB4157E27E72B7300846D5E /* ToDoAppWithViperPatternAndSqlLiteUITests.swift */,
				9BB4158027E72B7300846D5E /* ToDoAppWithViperPatternAndSqlLiteUITestsLaunchTests.swift */,
			);
			path = ToDoAppWithViperPatternAndSqlLiteUITests;
			sourceTree = "<group>";
		};
		9BB4158D27E72E8B00846D5E /* anasayfa-module */ = {
			isa = PBXGroup;
			children = (
				9BB415AF27E73C2D00846D5E /* tableview */,
				9BB415AE27E739CA00846D5E /* protocols */,
				9BB415AD27E739BF00846D5E /* presenter */,
				9BB415AC27E739B500846D5E /* interactor */,
				9BB415AB27E739AB00846D5E /* router */,
				9BB415AA27E739A100846D5E /* view */,
			);
			path = "anasayfa-module";
			sourceTree = "<group>";
		};
		9BB4158F27E72EA300846D5E /* yapilacakkayit-module */ = {
			isa = PBXGroup;
			children = (
				9BB415A427E738C500846D5E /* router */,
				9BB415A327E738BA00846D5E /* protocols */,
				9BB415A227E738B000846D5E /* presenter */,
				9BB415A127E738AA00846D5E /* view */,
				9BB415A027E7387100846D5E /* interactor */,
			);
			path = "yapilacakkayit-module";
			sourceTree = "<group>";
		};
		9BB4159027E72EC400846D5E /* yapilacakdetay-module */ = {
			isa = PBXGroup;
			children = (
				9BB415A927E7397E00846D5E /* interactor */,
				9BB415A827E7397700846D5E /* view */,
				9BB415A727E7396E00846D5E /* presenter */,
				9BB415A627E7396600846D5E /* protocols */,
				9BB415A527E7395C00846D5E /* router */,
			);
			path = "yapilacakdetay-module";
			sourceTree = "<group>";
		};
		9BB4159127E72FBB00846D5E /* entity */ = {
			isa = PBXGroup;
			children = (
				9BB4159227E72FD600846D5E /* Yapilacaklar.swift */,
			);
			path = entity;
			sourceTree = "<group>";
		};
		9BB415A027E7387100846D5E /* interactor */ = {
			isa = PBXGroup;
			children = (
				9BB415CC27E79AA000846D5E /* YapilacakKayitInteractor.swift */,
			);
			path = interactor;
			sourceTree = "<group>";
		};
		9BB415A127E738AA00846D5E /* view */ = {
			isa = PBXGroup;
			children = (
				9BB415BA27E7440B00846D5E /* YapilacakKayitVC.swift */,
			);
			path = view;
			sourceTree = "<group>";
		};
		9BB415A227E738B000846D5E /* presenter */ = {
			isa = PBXGroup;
			children = (
				9BB415C827E799F900846D5E /* YapilacakKayitPresenter.swift */,
			);
			path = presenter;
			sourceTree = "<group>";
		};
		9BB415A327E738BA00846D5E /* protocols */ = {
			isa = PBXGroup;
			children = (
				9BB415C627E799A100846D5E /* YapilacakKayitProtocols.swift */,
			);
			path = protocols;
			sourceTree = "<group>";
		};
		9BB415A427E738C500846D5E /* router */ = {
			isa = PBXGroup;
			children = (
				9BB415CA27E79A6900846D5E /* YapilacakKayitRouter.swift */,
			);
			path = router;
			sourceTree = "<group>";
		};
		9BB415A527E7395C00846D5E /* router */ = {
			isa = PBXGroup;
			children = (
				9BB415BE27E7494300846D5E /* YapilacakDetayRouter.swift */,
			);
			path = router;
			sourceTree = "<group>";
		};
		9BB415A627E7396600846D5E /* protocols */ = {
			isa = PBXGroup;
			children = (
				9BB415C227E749B000846D5E /* YapilacakDetayProtocols.swift */,
			);
			path = protocols;
			sourceTree = "<group>";
		};
		9BB415A727E7396E00846D5E /* presenter */ = {
			isa = PBXGroup;
			children = (
				9BB415C027E7499000846D5E /* YapilacakDetayPresenter.swift */,
			);
			path = presenter;
			sourceTree = "<group>";
		};
		9BB415A827E7397700846D5E /* view */ = {
			isa = PBXGroup;
			children = (
				9BB415BC27E7444B00846D5E /* YapilacakDetayVC.swift */,
			);
			path = view;
			sourceTree = "<group>";
		};
		9BB415A927E7397E00846D5E /* interactor */ = {
			isa = PBXGroup;
			children = (
				9BB415C427E749CD00846D5E /* YapilacakDetayInteractor.swift */,
			);
			path = interactor;
			sourceTree = "<group>";
		};
		9BB415AA27E739A100846D5E /* view */ = {
			isa = PBXGroup;
			children = (
				9BB4156127E72B7000846D5E /* AnasayfaVC.swift */,
			);
			path = view;
			sourceTree = "<group>";
		};
		9BB415AB27E739AB00846D5E /* router */ = {
			isa = PBXGroup;
			children = (
				9BB415B827E7409A00846D5E /* AnasayfaRouter.swift */,
			);
			path = router;
			sourceTree = "<group>";
		};
		9BB415AC27E739B500846D5E /* interactor */ = {
			isa = PBXGroup;
			children = (
				9BB415B627E7403200846D5E /* AnasayfaInteractor.swift */,
			);
			path = interactor;
			sourceTree = "<group>";
		};
		9BB415AD27E739BF00846D5E /* presenter */ = {
			isa = PBXGroup;
			children = (
				9BB415B427E73E9900846D5E /* AnasayfaPresenter.swift */,
			);
			path = presenter;
			sourceTree = "<group>";
		};
		9BB415AE27E739CA00846D5E /* protocols */ = {
			isa = PBXGroup;
			children = (
				9BB415B227E73E4300846D5E /* AnasayfaProtocols.swift */,
			);
			path = protocols;
			sourceTree = "<group>";
		};
		9BB415AF27E73C2D00846D5E /* tableview */ = {
			isa = PBXGroup;
			children = (
				9BB415B027E73C5800846D5E /* TableViewHucre.swift */,
			);
			path = tableview;
			sourceTree = "<group>";
		};
/* End PBXGroup section */

/* Begin PBXNativeTarget section */
		9BB4155927E72B7000846D5E /* ToDoAppWithViperPatternAndSqlLite */ = {
			isa = PBXNativeTarget;
			buildConfigurationList = 9BB4158427E72B7300846D5E /* Build configuration list for PBXNativeTarget "ToDoAppWithViperPatternAndSqlLite" */;
			buildPhases = (
				9BB4155627E72B7000846D5E /* Sources */,
				9BB4155727E72B7000846D5E /* Frameworks */,
				9BB4155827E72B7000846D5E /* Resources */,
			);
			buildRules = (
			);
			dependencies = (
			);
			name = ToDoAppWithViperPatternAndSqlLite;
			productName = ToDoAppWithViperPatternAndSqlLite;
			productReference = 9BB4155A27E72B7000846D5E /* ToDoAppWithViperPatternAndSqlLite.app */;
			productType = "com.apple.product-type.application";
		};
		9BB4156F27E72B7300846D5E /* ToDoAppWithViperPatternAndSqlLiteTests */ = {
			isa = PBXNativeTarget;
			buildConfigurationList = 9BB4158727E72B7300846D5E /* Build configuration list for PBXNativeTarget "ToDoAppWithViperPatternAndSqlLiteTests" */;
			buildPhases = (
				9BB4156C27E72B7300846D5E /* Sources */,
				9BB4156D27E72B7300846D5E /* Frameworks */,
				9BB4156E27E72B7300846D5E /* Resources */,
			);
			buildRules = (
			);
			dependencies = (
				9BB4157227E72B7300846D5E /* PBXTargetDependency */,
			);
			name = ToDoAppWithViperPatternAndSqlLiteTests;
			productName = ToDoAppWithViperPatternAndSqlLiteTests;
			productReference = 9BB4157027E72B7300846D5E /* ToDoAppWithViperPatternAndSqlLiteTests.xctest */;
			productType = "com.apple.product-type.bundle.unit-test";
		};
		9BB4157927E72B7300846D5E /* ToDoAppWithViperPatternAndSqlLiteUITests */ = {
			isa = PBXNativeTarget;
			buildConfigurationList = 9BB4158A27E72B7300846D5E /* Build configuration list for PBXNativeTarget "ToDoAppWithViperPatternAndSqlLiteUITests" */;
			buildPhases = (
				9BB4157627E72B7300846D5E /* Sources */,
				9BB4157727E72B7300846D5E /* Frameworks */,
				9BB4157827E72B7300846D5E /* Resources */,
			);
			buildRules = (
			);
			dependencies = (
				9BB4157C27E72B7300846D5E /* PBXTargetDependency */,
			);
			name = ToDoAppWithViperPatternAndSqlLiteUITests;
			productName = ToDoAppWithViperPatternAndSqlLiteUITests;
			productReference = 9BB4157A27E72B7300846D5E /* ToDoAppWithViperPatternAndSqlLiteUITests.xctest */;
			productType = "com.apple.product-type.bundle.ui-testing";
		};
/* End PBXNativeTarget section */

/* Begin PBXProject section */
		9BB4155227E72B7000846D5E /* Project object */ = {
			isa = PBXProject;
			attributes = {
				BuildIndependentTargetsInParallel = 1;
				LastSwiftUpdateCheck = 1310;
				LastUpgradeCheck = 1310;
				TargetAttributes = {
					9BB4155927E72B7000846D5E = {
						CreatedOnToolsVersion = 13.1;
					};
					9BB4156F27E72B7300846D5E = {
						CreatedOnToolsVersion = 13.1;
						TestTargetID = 9BB4155927E72B7000846D5E;
					};
					9BB4157927E72B7300846D5E = {
						CreatedOnToolsVersion = 13.1;
						TestTargetID = 9BB4155927E72B7000846D5E;
					};
				};
			};
			buildConfigurationList = 9BB4155527E72B7000846D5E /* Build configuration list for PBXProject "ToDoAppWithViperPatternAndSqlLite" */;
			compatibilityVersion = "Xcode 13.0";
			developmentRegion = en;
			hasScannedForEncodings = 0;
			knownRegions = (
				en,
				Base,
			);
			mainGroup = 9BB4155127E72B7000846D5E;
			productRefGroup = 9BB4155B27E72B7000846D5E /* Products */;
			projectDirPath = "";
			projectRoot = "";
			targets = (
				9BB4155927E72B7000846D5E /* ToDoAppWithViperPatternAndSqlLite */,
				9BB4156F27E72B7300846D5E /* ToDoAppWithViperPatternAndSqlLiteTests */,
				9BB4157927E72B7300846D5E /* ToDoAppWithViperPatternAndSqlLiteUITests */,
			);
		};
/* End PBXProject section */

/* Begin PBXResourcesBuildPhase section */
		9BB4155827E72B7000846D5E /* Resources */ = {
			isa = PBXResourcesBuildPhase;
			buildActionMask = 2147483647;
			files = (
				9BB4156A27E72B7200846D5E /* LaunchScreen.storyboard in Resources */,
				9BB4156727E72B7200846D5E /* Assets.xcassets in Resources */,
				9BB4156527E72B7000846D5E /* Main.storyboard in Resources */,
			);
			runOnlyForDeploymentPostprocessing = 0;
		};
		9BB4156E27E72B7300846D5E /* Resources */ = {
			isa = PBXResourcesBuildPhase;
			buildActionMask = 2147483647;
			files = (
			);
			runOnlyForDeploymentPostprocessing = 0;
		};
		9BB4157827E72B7300846D5E /* Resources */ = {
			isa = PBXResourcesBuildPhase;
			buildActionMask = 2147483647;
			files = (
			);
			runOnlyForDeploymentPostprocessing = 0;
		};
/* End PBXResourcesBuildPhase section */

/* Begin PBXSourcesBuildPhase section */
		9BB4155627E72B7000846D5E /* Sources */ = {
			isa = PBXSourcesBuildPhase;
			buildActionMask = 2147483647;
			files = (
				9BB415C527E749CD00846D5E /* YapilacakDetayInteractor.swift in Sources */,
				9BB415BF27E7494300846D5E /* YapilacakDetayRouter.swift in Sources */,
				9BB415B927E7409A00846D5E /* AnasayfaRouter.swift in Sources */,
				9BB415B527E73E9900846D5E /* AnasayfaPresenter.swift in Sources */,
				9BB415CD27E79AA000846D5E /* YapilacakKayitInteractor.swift in Sources */,
				9BB4156227E72B7000846D5E /* AnasayfaVC.swift in Sources */,
				9BB415CB27E79A6900846D5E /* YapilacakKayitRouter.swift in Sources */,
				9BB415B727E7403200846D5E /* AnasayfaInteractor.swift in Sources */,
				9BB415B327E73E4300846D5E /* AnasayfaProtocols.swift in Sources */,
				9BB4155E27E72B7000846D5E /* AppDelegate.swift in Sources */,
				9BB415C127E7499000846D5E /* YapilacakDetayPresenter.swift in Sources */,
				9BB4156027E72B7000846D5E /* SceneDelegate.swift in Sources */,
				9BB415C927E799F900846D5E /* YapilacakKayitPresenter.swift in Sources */,
				9BB415C727E799A100846D5E /* YapilacakKayitProtocols.swift in Sources */,
				9BB415C327E749B000846D5E /* YapilacakDetayProtocols.swift in Sources */,
				9BB415B127E73C5900846D5E /* TableViewHucre.swift in Sources */,
				9BB4159327E72FD600846D5E /* Yapilacaklar.swift in Sources */,
				9BB415BB27E7440B00846D5E /* YapilacakKayitVC.swift in Sources */,
				9BB415BD27E7444B00846D5E /* YapilacakDetayVC.swift in Sources */,
			);
			runOnlyForDeploymentPostprocessing = 0;
		};
		9BB4156C27E72B7300846D5E /* Sources */ = {
			isa = PBXSourcesBuildPhase;
			buildActionMask = 2147483647;
			files = (
				9BB4157527E72B7300846D5E /* ToDoAppWithViperPatternAndSqlLiteTests.swift in Sources */,
			);
			runOnlyForDeploymentPostprocessing = 0;
		};
		9BB4157627E72B7300846D5E /* Sources */ = {
			isa = PBXSourcesBuildPhase;
			buildActionMask = 2147483647;
			files = (
				9BB4157F27E72B7300846D5E /* ToDoAppWithViperPatternAndSqlLiteUITests.swift in Sources */,
				9BB4158127E72B7300846D5E /* ToDoAppWithViperPatternAndSqlLiteUITestsLaunchTests.swift in Sources */,
			);
			runOnlyForDeploymentPostprocessing = 0;
		};
/* End PBXSourcesBuildPhase section */

/* Begin PBXTargetDependency section */
		9BB4157227E72B7300846D5E /* PBXTargetDependency */ = {
			isa = PBXTargetDependency;
			target = 9BB4155927E72B7000846D5E /* ToDoAppWithViperPatternAndSqlLite */;
			targetProxy = 9BB4157127E72B7300846D5E /* PBXContainerItemProxy */;
		};
		9BB4157C27E72B7300846D5E /* PBXTargetDependency */ = {
			isa = PBXTargetDependency;
			target = 9BB4155927E72B7000846D5E /* ToDoAppWithViperPatternAndSqlLite */;
			targetProxy = 9BB4157B27E72B7300846D5E /* PBXContainerItemProxy */;
		};
/* End PBXTargetDependency section */

/* Begin PBXVariantGroup section */
		9BB4156327E72B7000846D5E /* Main.storyboard */ = {
			isa = PBXVariantGroup;
			children = (
				9BB4156427E72B7000846D5E /* Base */,
			);
			name = Main.storyboard;
			sourceTree = "<group>";
		};
		9BB4156827E72B7200846D5E /* LaunchScreen.storyboard */ = {
			isa = PBXVariantGroup;
			children = (
				9BB4156927E72B7200846D5E /* Base */,
			);
			name = LaunchScreen.storyboard;
			sourceTree = "<group>";
		};
/* End PBXVariantGroup section */

/* Begin XCBuildConfiguration section */
		9BB4158227E72B7300846D5E /* Debug */ = {
			isa = XCBuildConfiguration;
			buildSettings = {
				ALWAYS_SEARCH_USER_PATHS = NO;
				CLANG_ANALYZER_NONNULL = YES;
				CLANG_ANALYZER_NUMBER_OBJECT_CONVERSION = YES_AGGRESSIVE;
				CLANG_CXX_LANGUAGE_STANDARD = "gnu++17";
				CLANG_CXX_LIBRARY = "libc++";
				CLANG_ENABLE_MODULES = YES;
				CLANG_ENABLE_OBJC_ARC = YES;
				CLANG_ENABLE_OBJC_WEAK = YES;
				CLANG_WARN_BLOCK_CAPTURE_AUTORELEASING = YES;
				CLANG_WARN_BOOL_CONVERSION = YES;
				CLANG_WARN_COMMA = YES;
				CLANG_WARN_CONSTANT_CONVERSION = YES;
				CLANG_WARN_DEPRECATED_OBJC_IMPLEMENTATIONS = YES;
				CLANG_WARN_DIRECT_OBJC_ISA_USAGE = YES_ERROR;
				CLANG_WARN_DOCUMENTATION_COMMENTS = YES;
				CLANG_WARN_EMPTY_BODY = YES;
				CLANG_WARN_ENUM_CONVERSION = YES;
				CLANG_WARN_INFINITE_RECURSION = YES;
				CLANG_WARN_INT_CONVERSION = YES;
				CLANG_WARN_NON_LITERAL_NULL_CONVERSION = YES;
				CLANG_WARN_OBJC_IMPLICIT_RETAIN_SELF = YES;
				CLANG_WARN_OBJC_LITERAL_CONVERSION = YES;
				CLANG_WARN_OBJC_ROOT_CLASS = YES_ERROR;
				CLANG_WARN_QUOTED_INCLUDE_IN_FRAMEWORK_HEADER = YES;
				CLANG_WARN_RANGE_LOOP_ANALYSIS = YES;
				CLANG_WARN_STRICT_PROTOTYPES = YES;
				CLANG_WARN_SUSPICIOUS_MOVE = YES;
				CLANG_WARN_UNGUARDED_AVAILABILITY = YES_AGGRESSIVE;
				CLANG_WARN_UNREACHABLE_CODE = YES;
				CLANG_WARN__DUPLICATE_METHOD_MATCH = YES;
				COPY_PHASE_STRIP = NO;
				DEBUG_INFORMATION_FORMAT = dwarf;
				ENABLE_STRICT_OBJC_MSGSEND = YES;
				ENABLE_TESTABILITY = YES;
				GCC_C_LANGUAGE_STANDARD = gnu11;
				GCC_DYNAMIC_NO_PIC = NO;
				GCC_NO_COMMON_BLOCKS = YES;
				GCC_OPTIMIZATION_LEVEL = 0;
				GCC_PREPROCESSOR_DEFINITIONS = (
					"DEBUG=1",
					"$(inherited)",
				);
				GCC_WARN_64_TO_32_BIT_CONVERSION = YES;
				GCC_WARN_ABOUT_RETURN_TYPE = YES_ERROR;
				GCC_WARN_UNDECLARED_SELECTOR = YES;
				GCC_WARN_UNINITIALIZED_AUTOS = YES_AGGRESSIVE;
				GCC_WARN_UNUSED_FUNCTION = YES;
				GCC_WARN_UNUSED_VARIABLE = YES;
				IPHONEOS_DEPLOYMENT_TARGET = 15.0;
				MTL_ENABLE_DEBUG_INFO = INCLUDE_SOURCE;
				MTL_FAST_MATH = YES;
				ONLY_ACTIVE_ARCH = YES;
				SDKROOT = iphoneos;
				SWIFT_ACTIVE_COMPILATION_CONDITIONS = DEBUG;
				SWIFT_OPTIMIZATION_LEVEL = "-Onone";
			};
			name = Debug;
		};
		9BB4158327E72B7300846D5E /* Release */ = {
			isa = XCBuildConfiguration;
			buildSettings = {
				ALWAYS_SEARCH_USER_PATHS = NO;
				CLANG_ANALYZER_NONNULL = YES;
				CLANG_ANALYZER_NUMBER_OBJECT_CONVERSION = YES_AGGRESSIVE;
				CLANG_CXX_LANGUAGE_STANDARD = "gnu++17";
				CLANG_CXX_LIBRARY = "libc++";
				CLANG_ENABLE_MODULES = YES;
				CLANG_ENABLE_OBJC_ARC = YES;
				CLANG_ENABLE_OBJC_WEAK = YES;
				CLANG_WARN_BLOCK_CAPTURE_AUTORELEASING = YES;
				CLANG_WARN_BOOL_CONVERSION = YES;
				CLANG_WARN_COMMA = YES;
				CLANG_WARN_CONSTANT_CONVERSION = YES;
				CLANG_WARN_DEPRECATED_OBJC_IMPLEMENTATIONS = YES;
				CLANG_WARN_DIRECT_OBJC_ISA_USAGE = YES_ERROR;
				CLANG_WARN_DOCUMENTATION_COMMENTS = YES;
				CLANG_WARN_EMPTY_BODY = YES;
				CLANG_WARN_ENUM_CONVERSION = YES;
				CLANG_WARN_INFINITE_RECURSION = YES;
				CLANG_WARN_INT_CONVERSION = YES;
				CLANG_WARN_NON_LITERAL_NULL_CONVERSION = YES;
				CLANG_WARN_OBJC_IMPLICIT_RETAIN_SELF = YES;
				CLANG_WARN_OBJC_LITERAL_CONVERSION = YES;
				CLANG_WARN_OBJC_ROOT_CLASS = YES_ERROR;
				CLANG_WARN_QUOTED_INCLUDE_IN_FRAMEWORK_HEADER = YES;
				CLANG_WARN_RANGE_LOOP_ANALYSIS = YES;
				CLANG_WARN_STRICT_PROTOTYPES = YES;
				CLANG_WARN_SUSPICIOUS_MOVE = YES;
				CLANG_WARN_UNGUARDED_AVAILABILITY = YES_AGGRESSIVE;
				CLANG_WARN_UNREACHABLE_CODE = YES;
				CLANG_WARN__DUPLICATE_METHOD_MATCH = YES;
				COPY_PHASE_STRIP = NO;
				DEBUG_INFORMATION_FORMAT = "dwarf-with-dsym";
				ENABLE_NS_ASSERTIONS = NO;
				ENABLE_STRICT_OBJC_MSGSEND = YES;
				GCC_C_LANGUAGE_STANDARD = gnu11;
				GCC_NO_COMMON_BLOCKS = YES;
				GCC_WARN_64_TO_32_BIT_CONVERSION = YES;
				GCC_WARN_ABOUT_RETURN_TYPE = YES_ERROR;
				GCC_WARN_UNDECLARED_SELECTOR = YES;
				GCC_WARN_UNINITIALIZED_AUTOS = YES_AGGRESSIVE;
				GCC_WARN_UNUSED_FUNCTION = YES;
				GCC_WARN_UNUSED_VARIABLE = YES;
				IPHONEOS_DEPLOYMENT_TARGET = 15.0;
				MTL_ENABLE_DEBUG_INFO = NO;
				MTL_FAST_MATH = YES;
				SDKROOT = iphoneos;
				SWIFT_COMPILATION_MODE = wholemodule;
				SWIFT_OPTIMIZATION_LEVEL = "-O";
				VALIDATE_PRODUCT = YES;
			};
			name = Release;
		};
		9BB4158527E72B7300846D5E /* Debug */ = {
			isa = XCBuildConfiguration;
			buildSettings = {
				ASSETCATALOG_COMPILER_APPICON_NAME = AppIcon;
				ASSETCATALOG_COMPILER_GLOBAL_ACCENT_COLOR_NAME = AccentColor;
				CODE_SIGN_STYLE = Automatic;
				CURRENT_PROJECT_VERSION = 1;
				GENERATE_INFOPLIST_FILE = YES;
				INFOPLIST_FILE = ToDoAppWithViperPatternAndSqlLite/Info.plist;
				INFOPLIST_KEY_UIApplicationSupportsIndirectInputEvents = YES;
				INFOPLIST_KEY_UILaunchStoryboardName = LaunchScreen;
				INFOPLIST_KEY_UIMainStoryboardFile = Main;
				INFOPLIST_KEY_UISupportedInterfaceOrientations_iPad = "UIInterfaceOrientationPortrait UIInterfaceOrientationPortraitUpsideDown UIInterfaceOrientationLandscapeLeft UIInterfaceOrientationLandscapeRight";
				INFOPLIST_KEY_UISupportedInterfaceOrientations_iPhone = "UIInterfaceOrientationPortrait UIInterfaceOrientationLandscapeLeft UIInterfaceOrientationLandscapeRight";
				LD_RUNPATH_SEARCH_PATHS = (
					"$(inherited)",
					"@executable_path/Frameworks",
				);
				MARKETING_VERSION = 1.0;
				PRODUCT_BUNDLE_IDENTIFIER = com.info.ToDoAppWithViperPatternAndSqlLite;
				PRODUCT_NAME = "$(TARGET_NAME)";
				SWIFT_EMIT_LOC_STRINGS = YES;
				SWIFT_VERSION = 5.0;
				TARGETED_DEVICE_FAMILY = "1,2";
			};
			name = Debug;
		};
		9BB4158627E72B7300846D5E /* Release */ = {
			isa = XCBuildConfiguration;
			buildSettings = {
				ASSETCATALOG_COMPILER_APPICON_NAME = AppIcon;
				ASSETCATALOG_COMPILER_GLOBAL_ACCENT_COLOR_NAME = AccentColor;
				CODE_SIGN_STYLE = Automatic;
				CURRENT_PROJECT_VERSION = 1;
				GENERATE_INFOPLIST_FILE = YES;
				INFOPLIST_FILE = ToDoAppWithViperPatternAndSqlLite/Info.plist;
				INFOPLIST_KEY_UIApplicationSupportsIndirectInputEvents = YES;
				INFOPLIST_KEY_UILaunchStoryboardName = LaunchScreen;
				INFOPLIST_KEY_UIMainStoryboardFile = Main;
				INFOPLIST_KEY_UISupportedInterfaceOrientations_iPad = "UIInterfaceOrientationPortrait UIInterfaceOrientationPortraitUpsideDown UIInterfaceOrientationLandscapeLeft UIInterfaceOrientationLandscapeRight";
				INFOPLIST_KEY_UISupportedInterfaceOrientations_iPhone = "UIInterfaceOrientationPortrait UIInterfaceOrientationLandscapeLeft UIInterfaceOrientationLandscapeRight";
				LD_RUNPATH_SEARCH_PATHS = (
					"$(inherited)",
					"@executable_path/Frameworks",
				);
				MARKETING_VERSION = 1.0;
				PRODUCT_BUNDLE_IDENTIFIER = com.info.ToDoAppWithViperPatternAndSqlLite;
				PRODUCT_NAME = "$(TARGET_NAME)";
				SWIFT_EMIT_LOC_STRINGS = YES;
				SWIFT_VERSION = 5.0;
				TARGETED_DEVICE_FAMILY = "1,2";
			};
			name = Release;
		};
		9BB4158827E72B7300846D5E /* Debug */ = {
			isa = XCBuildConfiguration;
			buildSettings = {
				ALWAYS_EMBED_SWIFT_STANDARD_LIBRARIES = YES;
				BUNDLE_LOADER = "$(TEST_HOST)";
				CODE_SIGN_STYLE = Automatic;
				CURRENT_PROJECT_VERSION = 1;
				GENERATE_INFOPLIST_FILE = YES;
				IPHONEOS_DEPLOYMENT_TARGET = 15.0;
				LD_RUNPATH_SEARCH_PATHS = (
					"$(inherited)",
					"@executable_path/Frameworks",
					"@loader_path/Frameworks",
				);
				MARKETING_VERSION = 1.0;
				PRODUCT_BUNDLE_IDENTIFIER = com.info.ToDoAppWithViperPatternAndSqlLiteTests;
				PRODUCT_NAME = "$(TARGET_NAME)";
				SWIFT_EMIT_LOC_STRINGS = NO;
				SWIFT_VERSION = 5.0;
				TARGETED_DEVICE_FAMILY = "1,2";
				TEST_HOST = "$(BUILT_PRODUCTS_DIR)/ToDoAppWithViperPatternAndSqlLite.app/ToDoAppWithViperPatternAndSqlLite";
			};
			name = Debug;
		};
		9BB4158927E72B7300846D5E /* Release */ = {
			isa = XCBuildConfiguration;
			buildSettings = {
				ALWAYS_EMBED_SWIFT_STANDARD_LIBRARIES = YES;
				BUNDLE_LOADER = "$(TEST_HOST)";
				CODE_SIGN_STYLE = Automatic;
				CURRENT_PROJECT_VERSION = 1;
				GENERATE_INFOPLIST_FILE = YES;
				IPHONEOS_DEPLOYMENT_TARGET = 15.0;
				LD_RUNPATH_SEARCH_PATHS = (
					"$(inherited)",
					"@executable_path/Frameworks",
					"@loader_path/Frameworks",
				);
				MARKETING_VERSION = 1.0;
				PRODUCT_BUNDLE_IDENTIFIER = com.info.ToDoAppWithViperPatternAndSqlLiteTests;
				PRODUCT_NAME = "$(TARGET_NAME)";
				SWIFT_EMIT_LOC_STRINGS = NO;
				SWIFT_VERSION = 5.0;
				TARGETED_DEVICE_FAMILY = "1,2";
				TEST_HOST = "$(BUILT_PRODUCTS_DIR)/ToDoAppWithViperPatternAndSqlLite.app/ToDoAppWithViperPatternAndSqlLite";
			};
			name = Release;
		};
		9BB4158B27E72B7300846D5E /* Debug */ = {
			isa = XCBuildConfiguration;
			buildSettings = {
				ALWAYS_EMBED_SWIFT_STANDARD_LIBRARIES = YES;
				CODE_SIGN_STYLE = Automatic;
				CURRENT_PROJECT_VERSION = 1;
				GENERATE_INFOPLIST_FILE = YES;
				LD_RUNPATH_SEARCH_PATHS = (
					"$(inherited)",
					"@executable_path/Frameworks",
					"@loader_path/Frameworks",
				);
				MARKETING_VERSION = 1.0;
				PRODUCT_BUNDLE_IDENTIFIER = com.info.ToDoAppWithViperPatternAndSqlLiteUITests;
				PRODUCT_NAME = "$(TARGET_NAME)";
				SWIFT_EMIT_LOC_STRINGS = NO;
				SWIFT_VERSION = 5.0;
				TARGETED_DEVICE_FAMILY = "1,2";
				TEST_TARGET_NAME = ToDoAppWithViperPatternAndSqlLite;
			};
			name = Debug;
		};
		9BB4158C27E72B7300846D5E /* Release */ = {
			isa = XCBuildConfiguration;
			buildSettings = {
				ALWAYS_EMBED_SWIFT_STANDARD_LIBRARIES = YES;
				CODE_SIGN_STYLE = Automatic;
				CURRENT_PROJECT_VERSION = 1;
				GENERATE_INFOPLIST_FILE = YES;
				LD_RUNPATH_SEARCH_PATHS = (
					"$(inherited)",
					"@executable_path/Frameworks",
					"@loader_path/Frameworks",
				);
				MARKETING_VERSION = 1.0;
				PRODUCT_BUNDLE_IDENTIFIER = com.info.ToDoAppWithViperPatternAndSqlLiteUITests;
				PRODUCT_NAME = "$(TARGET_NAME)";
				SWIFT_EMIT_LOC_STRINGS = NO;
				SWIFT_VERSION = 5.0;
				TARGETED_DEVICE_FAMILY = "1,2";
				TEST_TARGET_NAME = ToDoAppWithViperPatternAndSqlLite;
			};
			name = Release;
		};
/* End XCBuildConfiguration section */

/* Begin XCConfigurationList section */
		9BB4155527E72B7000846D5E /* Build configuration list for PBXProject "ToDoAppWithViperPatternAndSqlLite" */ = {
			isa = XCConfigurationList;
			buildConfigurations = (
				9BB4158227E72B7300846D5E /* Debug */,
				9BB4158327E72B7300846D5E /* Release */,
			);
			defaultConfigurationIsVisible = 0;
			defaultConfigurationName = Release;
		};
		9BB4158427E72B7300846D5E /* Build configuration list for PBXNativeTarget "ToDoAppWithViperPatternAndSqlLite" */ = {
			isa = XCConfigurationList;
			buildConfigurations = (
				9BB4158527E72B7300846D5E /* Debug */,
				9BB4158627E72B7300846D5E /* Release */,
			);
			defaultConfigurationIsVisible = 0;
			defaultConfigurationName = Release;
		};
		9BB4158727E72B7300846D5E /* Build configuration list for PBXNativeTarget "ToDoAppWithViperPatternAndSqlLiteTests" */ = {
			isa = XCConfigurationList;
			buildConfigurations = (
				9BB4158827E72B7300846D5E /* Debug */,
				9BB4158927E72B7300846D5E /* Release */,
			);
			defaultConfigurationIsVisible = 0;
			defaultConfigurationName = Release;
		};
		9BB4158A27E72B7300846D5E /* Build configuration list for PBXNativeTarget "ToDoAppWithViperPatternAndSqlLiteUITests" */ = {
			isa = XCConfigurationList;
			buildConfigurations = (
				9BB4158B27E72B7300846D5E /* Debug */,
				9BB4158C27E72B7300846D5E /* Release */,
			);
			defaultConfigurationIsVisible = 0;
			defaultConfigurationName = Release;
		};
/* End XCConfigurationList section */
	};
	rootObject = 9BB4155227E72B7000846D5E /* Project object */;
}
