// !$*UTF8*$!
{
	archiveVersion = 1;
	classes = {
	};
	objectVersion = 55;
	objects = {

/* Begin PBXBuildFile section */
		9BA3DA5B27D3D8DA004F1244 /* AppDelegate.swift in Sources */ = {isa = PBXBuildFile; fileRef = 9BA3DA5A27D3D8DA004F1244 /* AppDelegate.swift */; };
		9BA3DA5D27D3D8DA004F1244 /* SceneDelegate.swift in Sources */ = {isa = PBXBuildFile; fileRef = 9BA3DA5C27D3D8DA004F1244 /* SceneDelegate.swift */; };
		9BA3DA5F27D3D8DA004F1244 /* ViewController.swift in Sources */ = {isa = PBXBuildFile; fileRef = 9BA3DA5E27D3D8DA004F1244 /* ViewController.swift */; };
		9BA3DA6227D3D8DA004F1244 /* Main.storyboard in Resources */ = {isa = PBXBuildFile; fileRef = 9BA3DA6027D3D8DA004F1244 /* Main.storyboard */; };
		9BA3DA6427D3D8DD004F1244 /* Assets.xcassets in Resources */ = {isa = PBXBuildFile; fileRef = 9BA3DA6327D3D8DD004F1244 /* Assets.xcassets */; };
		9BA3DA6727D3D8DD004F1244 /* LaunchScreen.storyboard in Resources */ = {isa = PBXBuildFile; fileRef = 9BA3DA6527D3D8DD004F1244 /* LaunchScreen.storyboard */; };
		9BA3DA7227D3D8DD004F1244 /* DetayliTableViewKullanimiTests.swift in Sources */ = {isa = PBXBuildFile; fileRef = 9BA3DA7127D3D8DD004F1244 /* DetayliTableViewKullanimiTests.swift */; };
		9BA3DA7C27D3D8DD004F1244 /* DetayliTableViewKullanimiUITests.swift in Sources */ = {isa = PBXBuildFile; fileRef = 9BA3DA7B27D3D8DD004F1244 /* DetayliTableViewKullanimiUITests.swift */; };
		9BA3DA7E27D3D8DD004F1244 /* DetayliTableViewKullanimiUITestsLaunchTests.swift in Sources */ = {isa = PBXBuildFile; fileRef = 9BA3DA7D27D3D8DD004F1244 /* DetayliTableViewKullanimiUITestsLaunchTests.swift */; };
		9BA3DA8B27D3D94C004F1244 /* Urunler.swift in Sources */ = {isa = PBXBuildFile; fileRef = 9BA3DA8A27D3D94C004F1244 /* Urunler.swift */; };
/* End PBXBuildFile section */

/* Begin PBXContainerItemProxy section */
		9BA3DA6E27D3D8DD004F1244 /* PBXContainerItemProxy */ = {
			isa = PBXContainerItemProxy;
			containerPortal = 9BA3DA4F27D3D8DA004F1244 /* Project object */;
			proxyType = 1;
			remoteGlobalIDString = 9BA3DA5627D3D8DA004F1244;
			remoteInfo = DetayliTableViewKullanimi;
		};
		9BA3DA7827D3D8DD004F1244 /* PBXContainerItemProxy */ = {
			isa = PBXContainerItemProxy;
			containerPortal = 9BA3DA4F27D3D8DA004F1244 /* Project object */;
			proxyType = 1;
			remoteGlobalIDString = 9BA3DA5627D3D8DA004F1244;
			remoteInfo = DetayliTableViewKullanimi;
		};
/* End PBXContainerItemProxy section */

/* Begin PBXFileReference section */
		9BA3DA5727D3D8DA004F1244 /* DetayliTableViewKullanimi.app */ = {isa = PBXFileReference; explicitFileType = wrapper.application; includeInIndex = 0; path = DetayliTableViewKullanimi.app; sourceTree = BUILT_PRODUCTS_DIR; };
		9BA3DA5A27D3D8DA004F1244 /* AppDelegate.swift */ = {isa = PBXFileReference; lastKnownFileType = sourcecode.swift; path = AppDelegate.swift; sourceTree = "<group>"; };
		9BA3DA5C27D3D8DA004F1244 /* SceneDelegate.swift */ = {isa = PBXFileReference; lastKnownFileType = sourcecode.swift; path = SceneDelegate.swift; sourceTree = "<group>"; };
		9BA3DA5E27D3D8DA004F1244 /* ViewController.swift */ = {isa = PBXFileReference; lastKnownFileType = sourcecode.swift; path = ViewController.swift; sourceTree = "<group>"; };
		9BA3DA6127D3D8DA004F1244 /* Base */ = {isa = PBXFileReference; lastKnownFileType = file.storyboard; name = Base; path = Base.lproj/Main.storyboard; sourceTree = "<group>"; };
		9BA3DA6327D3D8DD004F1244 /* Assets.xcassets */ = {isa = PBXFileReference; lastKnownFileType = folder.assetcatalog; path = Assets.xcassets; sourceTree = "<group>"; };
		9BA3DA6627D3D8DD004F1244 /* Base */ = {isa = PBXFileReference; lastKnownFileType = file.storyboard; name = Base; path = Base.lproj/LaunchScreen.storyboard; sourceTree = "<group>"; };
		9BA3DA6827D3D8DD004F1244 /* Info.plist */ = {isa = PBXFileReference; lastKnownFileType = text.plist.xml; path = Info.plist; sourceTree = "<group>"; };
		9BA3DA6D27D3D8DD004F1244 /* DetayliTableViewKullanimiTests.xctest */ = {isa = PBXFileReference; explicitFileType = wrapper.cfbundle; includeInIndex = 0; path = DetayliTableViewKullanimiTests.xctest; sourceTree = BUILT_PRODUCTS_DIR; };
		9BA3DA7127D3D8DD004F1244 /* DetayliTableViewKullanimiTests.swift */ = {isa = PBXFileReference; lastKnownFileType = sourcecode.swift; path = DetayliTableViewKullanimiTests.swift; sourceTree = "<group>"; };
		9BA3DA7727D3D8DD004F1244 /* DetayliTableViewKullanimiUITests.xctest */ = {isa = PBXFileReference; explicitFileType = wrapper.cfbundle; includeInIndex = 0; path = DetayliTableViewKullanimiUITests.xctest; sourceTree = BUILT_PRODUCTS_DIR; };
		9BA3DA7B27D3D8DD004F1244 /* DetayliTableViewKullanimiUITests.swift */ = {isa = PBXFileReference; lastKnownFileType = sourcecode.swift; path = DetayliTableViewKullanimiUITests.swift; sourceTree = "<group>"; };
		9BA3DA7D27D3D8DD004F1244 /* DetayliTableViewKullanimiUITestsLaunchTests.swift */ = {isa = PBXFileReference; lastKnownFileType = sourcecode.swift; path = DetayliTableViewKullanimiUITestsLaunchTests.swift; sourceTree = "<group>"; };
		9BA3DA8A27D3D94C004F1244 /* Urunler.swift */ = {isa = PBXFileReference; lastKnownFileType = sourcecode.swift; path = Urunler.swift; sourceTree = "<group>"; };
/* End PBXFileReference section */

/* Begin PBXFrameworksBuildPhase section */
		9BA3DA5427D3D8DA004F1244 /* Frameworks */ = {
			isa = PBXFrameworksBuildPhase;
			buildActionMask = 2147483647;
			files = (
			);
			runOnlyForDeploymentPostprocessing = 0;
		};
		9BA3DA6A27D3D8DD004F1244 /* Frameworks */ = {
			isa = PBXFrameworksBuildPhase;
			buildActionMask = 2147483647;
			files = (
			);
			runOnlyForDeploymentPostprocessing = 0;
		};
		9BA3DA7427D3D8DD004F1244 /* Frameworks */ = {
			isa = PBXFrameworksBuildPhase;
			buildActionMask = 2147483647;
			files = (
			);
			runOnlyForDeploymentPostprocessing = 0;
		};
/* End PBXFrameworksBuildPhase section */

/* Begin PBXGroup section */
		9BA3DA4E27D3D8DA004F1244 = {
			isa = PBXGroup;
			children = (
				9BA3DA5927D3D8DA004F1244 /* DetayliTableViewKullanimi */,
				9BA3DA7027D3D8DD004F1244 /* DetayliTableViewKullanimiTests */,
				9BA3DA7A27D3D8DD004F1244 /* DetayliTableViewKullanimiUITests */,
				9BA3DA5827D3D8DA004F1244 /* Products */,
			);
			sourceTree = "<group>";
		};
		9BA3DA5827D3D8DA004F1244 /* Products */ = {
			isa = PBXGroup;
			children = (
				9BA3DA5727D3D8DA004F1244 /* DetayliTableViewKullanimi.app */,
				9BA3DA6D27D3D8DD004F1244 /* DetayliTableViewKullanimiTests.xctest */,
				9BA3DA7727D3D8DD004F1244 /* DetayliTableViewKullanimiUITests.xctest */,
			);
			name = Products;
			sourceTree = "<group>";
		};
		9BA3DA5927D3D8DA004F1244 /* DetayliTableViewKullanimi */ = {
			isa = PBXGroup;
			children = (
				9BA3DA5A27D3D8DA004F1244 /* AppDelegate.swift */,
				9BA3DA5C27D3D8DA004F1244 /* SceneDelegate.swift */,
				9BA3DA5E27D3D8DA004F1244 /* ViewController.swift */,
				9BA3DA6027D3D8DA004F1244 /* Main.storyboard */,
				9BA3DA6327D3D8DD004F1244 /* Assets.xcassets */,
				9BA3DA8A27D3D94C004F1244 /* Urunler.swift */,
				9BA3DA6527D3D8DD004F1244 /* LaunchScreen.storyboard */,
				9BA3DA6827D3D8DD004F1244 /* Info.plist */,
			);
			path = DetayliTableViewKullanimi;
			sourceTree = "<group>";
		};
		9BA3DA7027D3D8DD004F1244 /* DetayliTableViewKullanimiTests */ = {
			isa = PBXGroup;
			children = (
				9BA3DA7127D3D8DD004F1244 /* DetayliTableViewKullanimiTests.swift */,
			);
			path = DetayliTableViewKullanimiTests;
			sourceTree = "<group>";
		};
		9BA3DA7A27D3D8DD004F1244 /* DetayliTableViewKullanimiUITests */ = {
			isa = PBXGroup;
			children = (
				9BA3DA7B27D3D8DD004F1244 /* DetayliTableViewKullanimiUITests.swift */,
				9BA3DA7D27D3D8DD004F1244 /* DetayliTableViewKullanimiUITestsLaunchTests.swift */,
			);
			path = DetayliTableViewKullanimiUITests;
			sourceTree = "<group>";
		};
/* End PBXGroup section */

/* Begin PBXNativeTarget section */
		9BA3DA5627D3D8DA004F1244 /* DetayliTableViewKullanimi */ = {
			isa = PBXNativeTarget;
			buildConfigurationList = 9BA3DA8127D3D8DD004F1244 /* Build configuration list for PBXNativeTarget "DetayliTableViewKullanimi" */;
			buildPhases = (
				9BA3DA5327D3D8DA004F1244 /* Sources */,
				9BA3DA5427D3D8DA004F1244 /* Frameworks */,
				9BA3DA5527D3D8DA004F1244 /* Resources */,
			);
			buildRules = (
			);
			dependencies = (
			);
			name = DetayliTableViewKullanimi;
			productName = DetayliTableViewKullanimi;
			productReference = 9BA3DA5727D3D8DA004F1244 /* DetayliTableViewKullanimi.app */;
			productType = "com.apple.product-type.application";
		};
		9BA3DA6C27D3D8DD004F1244 /* DetayliTableViewKullanimiTests */ = {
			isa = PBXNativeTarget;
			buildConfigurationList = 9BA3DA8427D3D8DD004F1244 /* Build configuration list for PBXNativeTarget "DetayliTableViewKullanimiTests" */;
			buildPhases = (
				9BA3DA6927D3D8DD004F1244 /* Sources */,
				9BA3DA6A27D3D8DD004F1244 /* Frameworks */,
				9BA3DA6B27D3D8DD004F1244 /* Resources */,
			);
			buildRules = (
			);
			dependencies = (
				9BA3DA6F27D3D8DD004F1244 /* PBXTargetDependency */,
			);
			name = DetayliTableViewKullanimiTests;
			productName = DetayliTableViewKullanimiTests;
			productReference = 9BA3DA6D27D3D8DD004F1244 /* DetayliTableViewKullanimiTests.xctest */;
			productType = "com.apple.product-type.bundle.unit-test";
		};
		9BA3DA7627D3D8DD004F1244 /* DetayliTableViewKullanimiUITests */ = {
			isa = PBXNativeTarget;
			buildConfigurationList = 9BA3DA8727D3D8DD004F1244 /* Build configuration list for PBXNativeTarget "DetayliTableViewKullanimiUITests" */;
			buildPhases = (
				9BA3DA7327D3D8DD004F1244 /* Sources */,
				9BA3DA7427D3D8DD004F1244 /* Frameworks */,
				9BA3DA7527D3D8DD004F1244 /* Resources */,
			);
			buildRules = (
			);
			dependencies = (
				9BA3DA7927D3D8DD004F1244 /* PBXTargetDependency */,
			);
			name = DetayliTableViewKullanimiUITests;
			productName = DetayliTableViewKullanimiUITests;
			productReference = 9BA3DA7727D3D8DD004F1244 /* DetayliTableViewKullanimiUITests.xctest */;
			productType = "com.apple.product-type.bundle.ui-testing";
		};
/* End PBXNativeTarget section */

/* Begin PBXProject section */
		9BA3DA4F27D3D8DA004F1244 /* Project object */ = {
			isa = PBXProject;
			attributes = {
				BuildIndependentTargetsInParallel = 1;
				LastSwiftUpdateCheck = 1310;
				LastUpgradeCheck = 1310;
				TargetAttributes = {
					9BA3DA5627D3D8DA004F1244 = {
						CreatedOnToolsVersion = 13.1;
					};
					9BA3DA6C27D3D8DD004F1244 = {
						CreatedOnToolsVersion = 13.1;
						TestTargetID = 9BA3DA5627D3D8DA004F1244;
					};
					9BA3DA7627D3D8DD004F1244 = {
						CreatedOnToolsVersion = 13.1;
						TestTargetID = 9BA3DA5627D3D8DA004F1244;
					};
				};
			};
			buildConfigurationList = 9BA3DA5227D3D8DA004F1244 /* Build configuration list for PBXProject "DetayliTableViewKullanimi" */;
			compatibilityVersion = "Xcode 13.0";
			developmentRegion = en;
			hasScannedForEncodings = 0;
			knownRegions = (
				en,
				Base,
			);
			mainGroup = 9BA3DA4E27D3D8DA004F1244;
			productRefGroup = 9BA3DA5827D3D8DA004F1244 /* Products */;
			projectDirPath = "";
			projectRoot = "";
			targets = (
				9BA3DA5627D3D8DA004F1244 /* DetayliTableViewKullanimi */,
				9BA3DA6C27D3D8DD004F1244 /* DetayliTableViewKullanimiTests */,
				9BA3DA7627D3D8DD004F1244 /* DetayliTableViewKullanimiUITests */,
			);
		};
/* End PBXProject section */

/* Begin PBXResourcesBuildPhase section */
		9BA3DA5527D3D8DA004F1244 /* Resources */ = {
			isa = PBXResourcesBuildPhase;
			buildActionMask = 2147483647;
			files = (
				9BA3DA6727D3D8DD004F1244 /* LaunchScreen.storyboard in Resources */,
				9BA3DA6427D3D8DD004F1244 /* Assets.xcassets in Resources */,
				9BA3DA6227D3D8DA004F1244 /* Main.storyboard in Resources */,
			);
			runOnlyForDeploymentPostprocessing = 0;
		};
		9BA3DA6B27D3D8DD004F1244 /* Resources */ = {
			isa = PBXResourcesBuildPhase;
			buildActionMask = 2147483647;
			files = (
			);
			runOnlyForDeploymentPostprocessing = 0;
		};
		9BA3DA7527D3D8DD004F1244 /* Resources */ = {
			isa = PBXResourcesBuildPhase;
			buildActionMask = 2147483647;
			files = (
			);
			runOnlyForDeploymentPostprocessing = 0;
		};
/* End PBXResourcesBuildPhase section */

/* Begin PBXSourcesBuildPhase section */
		9BA3DA5327D3D8DA004F1244 /* Sources */ = {
			isa = PBXSourcesBuildPhase;
			buildActionMask = 2147483647;
			files = (
				9BA3DA5F27D3D8DA004F1244 /* ViewController.swift in Sources */,
				9BA3DA8B27D3D94C004F1244 /* Urunler.swift in Sources */,
				9BA3DA5B27D3D8DA004F1244 /* AppDelegate.swift in Sources */,
				9BA3DA5D27D3D8DA004F1244 /* SceneDelegate.swift in Sources */,
			);
			runOnlyForDeploymentPostprocessing = 0;
		};
		9BA3DA6927D3D8DD004F1244 /* Sources */ = {
			isa = PBXSourcesBuildPhase;
			buildActionMask = 2147483647;
			files = (
				9BA3DA7227D3D8DD004F1244 /* DetayliTableViewKullanimiTests.swift in Sources */,
			);
			runOnlyForDeploymentPostprocessing = 0;
		};
		9BA3DA7327D3D8DD004F1244 /* Sources */ = {
			isa = PBXSourcesBuildPhase;
			buildActionMask = 2147483647;
			files = (
				9BA3DA7E27D3D8DD004F1244 /* DetayliTableViewKullanimiUITestsLaunchTests.swift in Sources */,
				9BA3DA7C27D3D8DD004F1244 /* DetayliTableViewKullanimiUITests.swift in Sources */,
			);
			runOnlyForDeploymentPostprocessing = 0;
		};
/* End PBXSourcesBuildPhase section */

/* Begin PBXTargetDependency section */
		9BA3DA6F27D3D8DD004F1244 /* PBXTargetDependency */ = {
			isa = PBXTargetDependency;
			target = 9BA3DA5627D3D8DA004F1244 /* DetayliTableViewKullanimi */;
			targetProxy = 9BA3DA6E27D3D8DD004F1244 /* PBXContainerItemProxy */;
		};
		9BA3DA7927D3D8DD004F1244 /* PBXTargetDependency */ = {
			isa = PBXTargetDependency;
			target = 9BA3DA5627D3D8DA004F1244 /* DetayliTableViewKullanimi */;
			targetProxy = 9BA3DA7827D3D8DD004F1244 /* PBXContainerItemProxy */;
		};
/* End PBXTargetDependency section */

/* Begin PBXVariantGroup section */
		9BA3DA6027D3D8DA004F1244 /* Main.storyboard */ = {
			isa = PBXVariantGroup;
			children = (
				9BA3DA6127D3D8DA004F1244 /* Base */,
			);
			name = Main.storyboard;
			sourceTree = "<group>";
		};
		9BA3DA6527D3D8DD004F1244 /* LaunchScreen.storyboard */ = {
			isa = PBXVariantGroup;
			children = (
				9BA3DA6627D3D8DD004F1244 /* Base */,
			);
			name = LaunchScreen.storyboard;
			sourceTree = "<group>";
		};
/* End PBXVariantGroup section */

/* Begin XCBuildConfiguration section */
		9BA3DA7F27D3D8DD004F1244 /* Debug */ = {
			isa = XCBuildConfiguration;
			buildSettings = {
				ALWAYS_SEARCH_USER_PATHS = NO;
				CLANG_ANALYZER_NONNULL = YES;
				CLANG_ANALYZER_NUMBER_OBJECT_CONVERSION = YES_AGGRESSIVE;
				CLANG_CXX_LANGUAGE_STANDARD = "gnu++17";
				CLANG_CXX_LIBRARY = "libc++";
				CLANG_ENABLE_MODULES = YES;
				CLANG_ENABLE_OBJC_ARC = YES;
				CLANG_ENABLE_OBJC_WEAK = YES;
				CLANG_WARN_BLOCK_CAPTURE_AUTORELEASING = YES;
				CLANG_WARN_BOOL_CONVERSION = YES;
				CLANG_WARN_COMMA = YES;
				CLANG_WARN_CONSTANT_CONVERSION = YES;
				CLANG_WARN_DEPRECATED_OBJC_IMPLEMENTATIONS = YES;
				CLANG_WARN_DIRECT_OBJC_ISA_USAGE = YES_ERROR;
				CLANG_WARN_DOCUMENTATION_COMMENTS = YES;
				CLANG_WARN_EMPTY_BODY = YES;
				CLANG_WARN_ENUM_CONVERSION = YES;
				CLANG_WARN_INFINITE_RECURSION = YES;
				CLANG_WARN_INT_CONVERSION = YES;
				CLANG_WARN_NON_LITERAL_NULL_CONVERSION = YES;
				CLANG_WARN_OBJC_IMPLICIT_RETAIN_SELF = YES;
				CLANG_WARN_OBJC_LITERAL_CONVERSION = YES;
				CLANG_WARN_OBJC_ROOT_CLASS = YES_ERROR;
				CLANG_WARN_QUOTED_INCLUDE_IN_FRAMEWORK_HEADER = YES;
				CLANG_WARN_RANGE_LOOP_ANALYSIS = YES;
				CLANG_WARN_STRICT_PROTOTYPES = YES;
				CLANG_WARN_SUSPICIOUS_MOVE = YES;
				CLANG_WARN_UNGUARDED_AVAILABILITY = YES_AGGRESSIVE;
				CLANG_WARN_UNREACHABLE_CODE = YES;
				CLANG_WARN__DUPLICATE_METHOD_MATCH = YES;
				COPY_PHASE_STRIP = NO;
				DEBUG_INFORMATION_FORMAT = dwarf;
				ENABLE_STRICT_OBJC_MSGSEND = YES;
				ENABLE_TESTABILITY = YES;
				GCC_C_LANGUAGE_STANDARD = gnu11;
				GCC_DYNAMIC_NO_PIC = NO;
				GCC_NO_COMMON_BLOCKS = YES;
				GCC_OPTIMIZATION_LEVEL = 0;
				GCC_PREPROCESSOR_DEFINITIONS = (
					"DEBUG=1",
					"$(inherited)",
				);
				GCC_WARN_64_TO_32_BIT_CONVERSION = YES;
				GCC_WARN_ABOUT_RETURN_TYPE = YES_ERROR;
				GCC_WARN_UNDECLARED_SELECTOR = YES;
				GCC_WARN_UNINITIALIZED_AUTOS = YES_AGGRESSIVE;
				GCC_WARN_UNUSED_FUNCTION = YES;
				GCC_WARN_UNUSED_VARIABLE = YES;
				IPHONEOS_DEPLOYMENT_TARGET = 15.0;
				MTL_ENABLE_DEBUG_INFO = INCLUDE_SOURCE;
				MTL_FAST_MATH = YES;
				ONLY_ACTIVE_ARCH = YES;
				SDKROOT = iphoneos;
				SWIFT_ACTIVE_COMPILATION_CONDITIONS = DEBUG;
				SWIFT_OPTIMIZATION_LEVEL = "-Onone";
			};
			name = Debug;
		};
		9BA3DA8027D3D8DD004F1244 /* Release */ = {
			isa = XCBuildConfiguration;
			buildSettings = {
				ALWAYS_SEARCH_USER_PATHS = NO;
				CLANG_ANALYZER_NONNULL = YES;
				CLANG_ANALYZER_NUMBER_OBJECT_CONVERSION = YES_AGGRESSIVE;
				CLANG_CXX_LANGUAGE_STANDARD = "gnu++17";
				CLANG_CXX_LIBRARY = "libc++";
				CLANG_ENABLE_MODULES = YES;
				CLANG_ENABLE_OBJC_ARC = YES;
				CLANG_ENABLE_OBJC_WEAK = YES;
				CLANG_WARN_BLOCK_CAPTURE_AUTORELEASING = YES;
				CLANG_WARN_BOOL_CONVERSION = YES;
				CLANG_WARN_COMMA = YES;
				CLANG_WARN_CONSTANT_CONVERSION = YES;
				CLANG_WARN_DEPRECATED_OBJC_IMPLEMENTATIONS = YES;
				CLANG_WARN_DIRECT_OBJC_ISA_USAGE = YES_ERROR;
				CLANG_WARN_DOCUMENTATION_COMMENTS = YES;
				CLANG_WARN_EMPTY_BODY = YES;
				CLANG_WARN_ENUM_CONVERSION = YES;
				CLANG_WARN_INFINITE_RECURSION = YES;
				CLANG_WARN_INT_CONVERSION = YES;
				CLANG_WARN_NON_LITERAL_NULL_CONVERSION = YES;
				CLANG_WARN_OBJC_IMPLICIT_RETAIN_SELF = YES;
				CLANG_WARN_OBJC_LITERAL_CONVERSION = YES;
				CLANG_WARN_OBJC_ROOT_CLASS = YES_ERROR;
				CLANG_WARN_QUOTED_INCLUDE_IN_FRAMEWORK_HEADER = YES;
				CLANG_WARN_RANGE_LOOP_ANALYSIS = YES;
				CLANG_WARN_STRICT_PROTOTYPES = YES;
				CLANG_WARN_SUSPICIOUS_MOVE = YES;
				CLANG_WARN_UNGUARDED_AVAILABILITY = YES_AGGRESSIVE;
				CLANG_WARN_UNREACHABLE_CODE = YES;
				CLANG_WARN__DUPLICATE_METHOD_MATCH = YES;
				COPY_PHASE_STRIP = NO;
				DEBUG_INFORMATION_FORMAT = "dwarf-with-dsym";
				ENABLE_NS_ASSERTIONS = NO;
				ENABLE_STRICT_OBJC_MSGSEND = YES;
				GCC_C_LANGUAGE_STANDARD = gnu11;
				GCC_NO_COMMON_BLOCKS = YES;
				GCC_WARN_64_TO_32_BIT_CONVERSION = YES;
				GCC_WARN_ABOUT_RETURN_TYPE = YES_ERROR;
				GCC_WARN_UNDECLARED_SELECTOR = YES;
				GCC_WARN_UNINITIALIZED_AUTOS = YES_AGGRESSIVE;
				GCC_WARN_UNUSED_FUNCTION = YES;
				GCC_WARN_UNUSED_VARIABLE = YES;
				IPHONEOS_DEPLOYMENT_TARGET = 15.0;
				MTL_ENABLE_DEBUG_INFO = NO;
				MTL_FAST_MATH = YES;
				SDKROOT = iphoneos;
				SWIFT_COMPILATION_MODE = wholemodule;
				SWIFT_OPTIMIZATION_LEVEL = "-O";
				VALIDATE_PRODUCT = YES;
			};
			name = Release;
		};
		9BA3DA8227D3D8DD004F1244 /* Debug */ = {
			isa = XCBuildConfiguration;
			buildSettings = {
				ASSETCATALOG_COMPILER_APPICON_NAME = AppIcon;
				ASSETCATALOG_COMPILER_GLOBAL_ACCENT_COLOR_NAME = AccentColor;
				CODE_SIGN_STYLE = Automatic;
				CURRENT_PROJECT_VERSION = 1;
				GENERATE_INFOPLIST_FILE = YES;
				INFOPLIST_FILE = DetayliTableViewKullanimi/Info.plist;
				INFOPLIST_KEY_UIApplicationSupportsIndirectInputEvents = YES;
				INFOPLIST_KEY_UILaunchStoryboardName = LaunchScreen;
				INFOPLIST_KEY_UIMainStoryboardFile = Main;
				INFOPLIST_KEY_UISupportedInterfaceOrientations_iPad = "UIInterfaceOrientationPortrait UIInterfaceOrientationPortraitUpsideDown UIInterfaceOrientationLandscapeLeft UIInterfaceOrientationLandscapeRight";
				INFOPLIST_KEY_UISupportedInterfaceOrientations_iPhone = "UIInterfaceOrientationPortrait UIInterfaceOrientationLandscapeLeft UIInterfaceOrientationLandscapeRight";
				LD_RUNPATH_SEARCH_PATHS = (
					"$(inherited)",
					"@executable_path/Frameworks",
				);
				MARKETING_VERSION = 1.0;
				PRODUCT_BUNDLE_IDENTIFIER = com.info.DetayliTableViewKullanimi;
				PRODUCT_NAME = "$(TARGET_NAME)";
				SWIFT_EMIT_LOC_STRINGS = YES;
				SWIFT_VERSION = 5.0;
				TARGETED_DEVICE_FAMILY = "1,2";
			};
			name = Debug;
		};
		9BA3DA8327D3D8DD004F1244 /* Release */ = {
			isa = XCBuildConfiguration;
			buildSettings = {
				ASSETCATALOG_COMPILER_APPICON_NAME = AppIcon;
				ASSETCATALOG_COMPILER_GLOBAL_ACCENT_COLOR_NAME = AccentColor;
				CODE_SIGN_STYLE = Automatic;
				CURRENT_PROJECT_VERSION = 1;
				GENERATE_INFOPLIST_FILE = YES;
				INFOPLIST_FILE = DetayliTableViewKullanimi/Info.plist;
				INFOPLIST_KEY_UIApplicationSupportsIndirectInputEvents = YES;
				INFOPLIST_KEY_UILaunchStoryboardName = LaunchScreen;
				INFOPLIST_KEY_UIMainStoryboardFile = Main;
				INFOPLIST_KEY_UISupportedInterfaceOrientations_iPad = "UIInterfaceOrientationPortrait UIInterfaceOrientationPortraitUpsideDown UIInterfaceOrientationLandscapeLeft UIInterfaceOrientationLandscapeRight";
				INFOPLIST_KEY_UISupportedInterfaceOrientations_iPhone = "UIInterfaceOrientationPortrait UIInterfaceOrientationLandscapeLeft UIInterfaceOrientationLandscapeRight";
				LD_RUNPATH_SEARCH_PATHS = (
					"$(inherited)",
					"@executable_path/Frameworks",
				);
				MARKETING_VERSION = 1.0;
				PRODUCT_BUNDLE_IDENTIFIER = com.info.DetayliTableViewKullanimi;
				PRODUCT_NAME = "$(TARGET_NAME)";
				SWIFT_EMIT_LOC_STRINGS = YES;
				SWIFT_VERSION = 5.0;
				TARGETED_DEVICE_FAMILY = "1,2";
			};
			name = Release;
		};
		9BA3DA8527D3D8DD004F1244 /* Debug */ = {
			isa = XCBuildConfiguration;
			buildSettings = {
				ALWAYS_EMBED_SWIFT_STANDARD_LIBRARIES = YES;
				BUNDLE_LOADER = "$(TEST_HOST)";
				CODE_SIGN_STYLE = Automatic;
				CURRENT_PROJECT_VERSION = 1;
				GENERATE_INFOPLIST_FILE = YES;
				IPHONEOS_DEPLOYMENT_TARGET = 15.0;
				LD_RUNPATH_SEARCH_PATHS = (
					"$(inherited)",
					"@executable_path/Frameworks",
					"@loader_path/Frameworks",
				);
				MARKETING_VERSION = 1.0;
				PRODUCT_BUNDLE_IDENTIFIER = com.info.DetayliTableViewKullanimiTests;
				PRODUCT_NAME = "$(TARGET_NAME)";
				SWIFT_EMIT_LOC_STRINGS = NO;
				SWIFT_VERSION = 5.0;
				TARGETED_DEVICE_FAMILY = "1,2";
				TEST_HOST = "$(BUILT_PRODUCTS_DIR)/DetayliTableViewKullanimi.app/DetayliTableViewKullanimi";
			};
			name = Debug;
		};
		9BA3DA8627D3D8DD004F1244 /* Release */ = {
			isa = XCBuildConfiguration;
			buildSettings = {
				ALWAYS_EMBED_SWIFT_STANDARD_LIBRARIES = YES;
				BUNDLE_LOADER = "$(TEST_HOST)";
				CODE_SIGN_STYLE = Automatic;
				CURRENT_PROJECT_VERSION = 1;
				GENERATE_INFOPLIST_FILE = YES;
				IPHONEOS_DEPLOYMENT_TARGET = 15.0;
				LD_RUNPATH_SEARCH_PATHS = (
					"$(inherited)",
					"@executable_path/Frameworks",
					"@loader_path/Frameworks",
				);
				MARKETING_VERSION = 1.0;
				PRODUCT_BUNDLE_IDENTIFIER = com.info.DetayliTableViewKullanimiTests;
				PRODUCT_NAME = "$(TARGET_NAME)";
				SWIFT_EMIT_LOC_STRINGS = NO;
				SWIFT_VERSION = 5.0;
				TARGETED_DEVICE_FAMILY = "1,2";
				TEST_HOST = "$(BUILT_PRODUCTS_DIR)/DetayliTableViewKullanimi.app/DetayliTableViewKullanimi";
			};
			name = Release;
		};
		9BA3DA8827D3D8DD004F1244 /* Debug */ = {
			isa = XCBuildConfiguration;
			buildSettings = {
				ALWAYS_EMBED_SWIFT_STANDARD_LIBRARIES = YES;
				CODE_SIGN_STYLE = Automatic;
				CURRENT_PROJECT_VERSION = 1;
				GENERATE_INFOPLIST_FILE = YES;
				LD_RUNPATH_SEARCH_PATHS = (
					"$(inherited)",
					"@executable_path/Frameworks",
					"@loader_path/Frameworks",
				);
				MARKETING_VERSION = 1.0;
				PRODUCT_BUNDLE_IDENTIFIER = com.info.DetayliTableViewKullanimiUITests;
				PRODUCT_NAME = "$(TARGET_NAME)";
				SWIFT_EMIT_LOC_STRINGS = NO;
				SWIFT_VERSION = 5.0;
				TARGETED_DEVICE_FAMILY = "1,2";
				TEST_TARGET_NAME = DetayliTableViewKullanimi;
			};
			name = Debug;
		};
		9BA3DA8927D3D8DD004F1244 /* Release */ = {
			isa = XCBuildConfiguration;
			buildSettings = {
				ALWAYS_EMBED_SWIFT_STANDARD_LIBRARIES = YES;
				CODE_SIGN_STYLE = Automatic;
				CURRENT_PROJECT_VERSION = 1;
				GENERATE_INFOPLIST_FILE = YES;
				LD_RUNPATH_SEARCH_PATHS = (
					"$(inherited)",
					"@executable_path/Frameworks",
					"@loader_path/Frameworks",
				);
				MARKETING_VERSION = 1.0;
				PRODUCT_BUNDLE_IDENTIFIER = com.info.DetayliTableViewKullanimiUITests;
				PRODUCT_NAME = "$(TARGET_NAME)";
				SWIFT_EMIT_LOC_STRINGS = NO;
				SWIFT_VERSION = 5.0;
				TARGETED_DEVICE_FAMILY = "1,2";
				TEST_TARGET_NAME = DetayliTableViewKullanimi;
			};
			name = Release;
		};
/* End XCBuildConfiguration section */

/* Begin XCConfigurationList section */
		9BA3DA5227D3D8DA004F1244 /* Build configuration list for PBXProject "DetayliTableViewKullanimi" */ = {
			isa = XCConfigurationList;
			buildConfigurations = (
				9BA3DA7F27D3D8DD004F1244 /* Debug */,
				9BA3DA8027D3D8DD004F1244 /* Release */,
			);
			defaultConfigurationIsVisible = 0;
			defaultConfigurationName = Release;
		};
		9BA3DA8127D3D8DD004F1244 /* Build configuration list for PBXNativeTarget "DetayliTableViewKullanimi" */ = {
			isa = XCConfigurationList;
			buildConfigurations = (
				9BA3DA8227D3D8DD004F1244 /* Debug */,
				9BA3DA8327D3D8DD004F1244 /* Release */,
			);
			defaultConfigurationIsVisible = 0;
			defaultConfigurationName = Release;
		};
		9BA3DA8427D3D8DD004F1244 /* Build configuration list for PBXNativeTarget "DetayliTableViewKullanimiTests" */ = {
			isa = XCConfigurationList;
			buildConfigurations = (
				9BA3DA8527D3D8DD004F1244 /* Debug */,
				9BA3DA8627D3D8DD004F1244 /* Release */,
			);
			defaultConfigurationIsVisible = 0;
			defaultConfigurationName = Release;
		};
		9BA3DA8727D3D8DD004F1244 /* Build configuration list for PBXNativeTarget "DetayliTableViewKullanimiUITests" */ = {
			isa = XCConfigurationList;
			buildConfigurations = (
				9BA3DA8827D3D8DD004F1244 /* Debug */,
				9BA3DA8927D3D8DD004F1244 /* Release */,
			);
			defaultConfigurationIsVisible = 0;
			defaultConfigurationName = Release;
		};
/* End XCConfigurationList section */
	};
	rootObject = 9BA3DA4F27D3D8DA004F1244 /* Project object */;
}
