// !$*UTF8*$!
{
	archiveVersion = 1;
	classes = {
	};
	objectVersion = 55;
	objects = {

/* Begin PBXBuildFile section */
		9BC127A627DC8035003EC8C3 /* AppDelegate.swift in Sources */ = {isa = PBXBuildFile; fileRef = 9BC127A527DC8035003EC8C3 /* AppDelegate.swift */; };
		9BC127A827DC8035003EC8C3 /* SceneDelegate.swift in Sources */ = {isa = PBXBuildFile; fileRef = 9BC127A727DC8035003EC8C3 /* SceneDelegate.swift */; };
		9BC127AA27DC8035003EC8C3 /* ViewController.swift in Sources */ = {isa = PBXBuildFile; fileRef = 9BC127A927DC8035003EC8C3 /* ViewController.swift */; };
		9BC127AD27DC8035003EC8C3 /* Main.storyboard in Resources */ = {isa = PBXBuildFile; fileRef = 9BC127AB27DC8035003EC8C3 /* Main.storyboard */; };
		9BC127AF27DC8036003EC8C3 /* Assets.xcassets in Resources */ = {isa = PBXBuildFile; fileRef = 9BC127AE27DC8036003EC8C3 /* Assets.xcassets */; };
		9BC127B227DC8036003EC8C3 /* LaunchScreen.storyboard in Resources */ = {isa = PBXBuildFile; fileRef = 9BC127B027DC8036003EC8C3 /* LaunchScreen.storyboard */; };
		9BC127BD27DC8036003EC8C3 /* Getir_UI_With_CollectionViewTests.swift in Sources */ = {isa = PBXBuildFile; fileRef = 9BC127BC27DC8036003EC8C3 /* Getir_UI_With_CollectionViewTests.swift */; };
		9BC127C727DC8036003EC8C3 /* Getir_UI_With_CollectionViewUITests.swift in Sources */ = {isa = PBXBuildFile; fileRef = 9BC127C627DC8036003EC8C3 /* Getir_UI_With_CollectionViewUITests.swift */; };
		9BC127C927DC8037003EC8C3 /* Getir_UI_With_CollectionViewUITestsLaunchTests.swift in Sources */ = {isa = PBXBuildFile; fileRef = 9BC127C827DC8037003EC8C3 /* Getir_UI_With_CollectionViewUITestsLaunchTests.swift */; };
		9BC127D627DC8547003EC8C3 /* Urunler.swift in Sources */ = {isa = PBXBuildFile; fileRef = 9BC127D527DC8547003EC8C3 /* Urunler.swift */; };
		9BE97FB827DDE56B0085964B /* UrunlerCollectionViewCell.swift in Sources */ = {isa = PBXBuildFile; fileRef = 9BE97FB727DDE56B0085964B /* UrunlerCollectionViewCell.swift */; };
/* End PBXBuildFile section */

/* Begin PBXContainerItemProxy section */
		9BC127B927DC8036003EC8C3 /* PBXContainerItemProxy */ = {
			isa = PBXContainerItemProxy;
			containerPortal = 9BC1279A27DC8035003EC8C3 /* Project object */;
			proxyType = 1;
			remoteGlobalIDString = 9BC127A127DC8035003EC8C3;
			remoteInfo = "Getir-UI-With-CollectionView";
		};
		9BC127C327DC8036003EC8C3 /* PBXContainerItemProxy */ = {
			isa = PBXContainerItemProxy;
			containerPortal = 9BC1279A27DC8035003EC8C3 /* Project object */;
			proxyType = 1;
			remoteGlobalIDString = 9BC127A127DC8035003EC8C3;
			remoteInfo = "Getir-UI-With-CollectionView";
		};
/* End PBXContainerItemProxy section */

/* Begin PBXFileReference section */
		9BC127A227DC8035003EC8C3 /* Getir-UI-With-CollectionView.app */ = {isa = PBXFileReference; explicitFileType = wrapper.application; includeInIndex = 0; path = "Getir-UI-With-CollectionView.app"; sourceTree = BUILT_PRODUCTS_DIR; };
		9BC127A527DC8035003EC8C3 /* AppDelegate.swift */ = {isa = PBXFileReference; lastKnownFileType = sourcecode.swift; path = AppDelegate.swift; sourceTree = "<group>"; };
		9BC127A727DC8035003EC8C3 /* SceneDelegate.swift */ = {isa = PBXFileReference; lastKnownFileType = sourcecode.swift; path = SceneDelegate.swift; sourceTree = "<group>"; };
		9BC127A927DC8035003EC8C3 /* ViewController.swift */ = {isa = PBXFileReference; lastKnownFileType = sourcecode.swift; path = ViewController.swift; sourceTree = "<group>"; };
		9BC127AC27DC8035003EC8C3 /* Base */ = {isa = PBXFileReference; lastKnownFileType = file.storyboard; name = Base; path = Base.lproj/Main.storyboard; sourceTree = "<group>"; };
		9BC127AE27DC8036003EC8C3 /* Assets.xcassets */ = {isa = PBXFileReference; lastKnownFileType = folder.assetcatalog; path = Assets.xcassets; sourceTree = "<group>"; };
		9BC127B127DC8036003EC8C3 /* Base */ = {isa = PBXFileReference; lastKnownFileType = file.storyboard; name = Base; path = Base.lproj/LaunchScreen.storyboard; sourceTree = "<group>"; };
		9BC127B327DC8036003EC8C3 /* Info.plist */ = {isa = PBXFileReference; lastKnownFileType = text.plist.xml; path = Info.plist; sourceTree = "<group>"; };
		9BC127B827DC8036003EC8C3 /* Getir-UI-With-CollectionViewTests.xctest */ = {isa = PBXFileReference; explicitFileType = wrapper.cfbundle; includeInIndex = 0; path = "Getir-UI-With-CollectionViewTests.xctest"; sourceTree = BUILT_PRODUCTS_DIR; };
		9BC127BC27DC8036003EC8C3 /* Getir_UI_With_CollectionViewTests.swift */ = {isa = PBXFileReference; lastKnownFileType = sourcecode.swift; path = Getir_UI_With_CollectionViewTests.swift; sourceTree = "<group>"; };
		9BC127C227DC8036003EC8C3 /* Getir-UI-With-CollectionViewUITests.xctest */ = {isa = PBXFileReference; explicitFileType = wrapper.cfbundle; includeInIndex = 0; path = "Getir-UI-With-CollectionViewUITests.xctest"; sourceTree = BUILT_PRODUCTS_DIR; };
		9BC127C627DC8036003EC8C3 /* Getir_UI_With_CollectionViewUITests.swift */ = {isa = PBXFileReference; lastKnownFileType = sourcecode.swift; path = Getir_UI_With_CollectionViewUITests.swift; sourceTree = "<group>"; };
		9BC127C827DC8037003EC8C3 /* Getir_UI_With_CollectionViewUITestsLaunchTests.swift */ = {isa = PBXFileReference; lastKnownFileType = sourcecode.swift; path = Getir_UI_With_CollectionViewUITestsLaunchTests.swift; sourceTree = "<group>"; };
		9BC127D527DC8547003EC8C3 /* Urunler.swift */ = {isa = PBXFileReference; lastKnownFileType = sourcecode.swift; path = Urunler.swift; sourceTree = "<group>"; };
		9BE97FB727DDE56B0085964B /* UrunlerCollectionViewCell.swift */ = {isa = PBXFileReference; lastKnownFileType = sourcecode.swift; path = UrunlerCollectionViewCell.swift; sourceTree = "<group>"; };
/* End PBXFileReference section */

/* Begin PBXFrameworksBuildPhase section */
		9BC1279F27DC8035003EC8C3 /* Frameworks */ = {
			isa = PBXFrameworksBuildPhase;
			buildActionMask = 2147483647;
			files = (
			);
			runOnlyForDeploymentPostprocessing = 0;
		};
		9BC127B527DC8036003EC8C3 /* Frameworks */ = {
			isa = PBXFrameworksBuildPhase;
			buildActionMask = 2147483647;
			files = (
			);
			runOnlyForDeploymentPostprocessing = 0;
		};
		9BC127BF27DC8036003EC8C3 /* Frameworks */ = {
			isa = PBXFrameworksBuildPhase;
			buildActionMask = 2147483647;
			files = (
			);
			runOnlyForDeploymentPostprocessing = 0;
		};
/* End PBXFrameworksBuildPhase section */

/* Begin PBXGroup section */
		9BC1279927DC8035003EC8C3 = {
			isa = PBXGroup;
			children = (
				9BC127A427DC8035003EC8C3 /* Getir-UI-With-CollectionView */,
				9BC127BB27DC8036003EC8C3 /* Getir-UI-With-CollectionViewTests */,
				9BC127C527DC8036003EC8C3 /* Getir-UI-With-CollectionViewUITests */,
				9BC127A327DC8035003EC8C3 /* Products */,
			);
			sourceTree = "<group>";
		};
		9BC127A327DC8035003EC8C3 /* Products */ = {
			isa = PBXGroup;
			children = (
				9BC127A227DC8035003EC8C3 /* Getir-UI-With-CollectionView.app */,
				9BC127B827DC8036003EC8C3 /* Getir-UI-With-CollectionViewTests.xctest */,
				9BC127C227DC8036003EC8C3 /* Getir-UI-With-CollectionViewUITests.xctest */,
			);
			name = Products;
			sourceTree = "<group>";
		};
		9BC127A427DC8035003EC8C3 /* Getir-UI-With-CollectionView */ = {
			isa = PBXGroup;
			children = (
				9BC127A527DC8035003EC8C3 /* AppDelegate.swift */,
				9BC127A727DC8035003EC8C3 /* SceneDelegate.swift */,
				9BC127A927DC8035003EC8C3 /* ViewController.swift */,
				9BC127AB27DC8035003EC8C3 /* Main.storyboard */,
				9BE97FB727DDE56B0085964B /* UrunlerCollectionViewCell.swift */,
				9BC127D527DC8547003EC8C3 /* Urunler.swift */,
				9BC127AE27DC8036003EC8C3 /* Assets.xcassets */,
				9BC127B027DC8036003EC8C3 /* LaunchScreen.storyboard */,
				9BC127B327DC8036003EC8C3 /* Info.plist */,
			);
			path = "Getir-UI-With-CollectionView";
			sourceTree = "<group>";
		};
		9BC127BB27DC8036003EC8C3 /* Getir-UI-With-CollectionViewTests */ = {
			isa = PBXGroup;
			children = (
				9BC127BC27DC8036003EC8C3 /* Getir_UI_With_CollectionViewTests.swift */,
			);
			path = "Getir-UI-With-CollectionViewTests";
			sourceTree = "<group>";
		};
		9BC127C527DC8036003EC8C3 /* Getir-UI-With-CollectionViewUITests */ = {
			isa = PBXGroup;
			children = (
				9BC127C627DC8036003EC8C3 /* Getir_UI_With_CollectionViewUITests.swift */,
				9BC127C827DC8037003EC8C3 /* Getir_UI_With_CollectionViewUITestsLaunchTests.swift */,
			);
			path = "Getir-UI-With-CollectionViewUITests";
			sourceTree = "<group>";
		};
/* End PBXGroup section */

/* Begin PBXNativeTarget section */
		9BC127A127DC8035003EC8C3 /* Getir-UI-With-CollectionView */ = {
			isa = PBXNativeTarget;
			buildConfigurationList = 9BC127CC27DC8037003EC8C3 /* Build configuration list for PBXNativeTarget "Getir-UI-With-CollectionView" */;
			buildPhases = (
				9BC1279E27DC8035003EC8C3 /* Sources */,
				9BC1279F27DC8035003EC8C3 /* Frameworks */,
				9BC127A027DC8035003EC8C3 /* Resources */,
			);
			buildRules = (
			);
			dependencies = (
			);
			name = "Getir-UI-With-CollectionView";
			productName = "Getir-UI-With-CollectionView";
			productReference = 9BC127A227DC8035003EC8C3 /* Getir-UI-With-CollectionView.app */;
			productType = "com.apple.product-type.application";
		};
		9BC127B727DC8036003EC8C3 /* Getir-UI-With-CollectionViewTests */ = {
			isa = PBXNativeTarget;
			buildConfigurationList = 9BC127CF27DC8037003EC8C3 /* Build configuration list for PBXNativeTarget "Getir-UI-With-CollectionViewTests" */;
			buildPhases = (
				9BC127B427DC8036003EC8C3 /* Sources */,
				9BC127B527DC8036003EC8C3 /* Frameworks */,
				9BC127B627DC8036003EC8C3 /* Resources */,
			);
			buildRules = (
			);
			dependencies = (
				9BC127BA27DC8036003EC8C3 /* PBXTargetDependency */,
			);
			name = "Getir-UI-With-CollectionViewTests";
			productName = "Getir-UI-With-CollectionViewTests";
			productReference = 9BC127B827DC8036003EC8C3 /* Getir-UI-With-CollectionViewTests.xctest */;
			productType = "com.apple.product-type.bundle.unit-test";
		};
		9BC127C127DC8036003EC8C3 /* Getir-UI-With-CollectionViewUITests */ = {
			isa = PBXNativeTarget;
			buildConfigurationList = 9BC127D227DC8037003EC8C3 /* Build configuration list for PBXNativeTarget "Getir-UI-With-CollectionViewUITests" */;
			buildPhases = (
				9BC127BE27DC8036003EC8C3 /* Sources */,
				9BC127BF27DC8036003EC8C3 /* Frameworks */,
				9BC127C027DC8036003EC8C3 /* Resources */,
			);
			buildRules = (
			);
			dependencies = (
				9BC127C427DC8036003EC8C3 /* PBXTargetDependency */,
			);
			name = "Getir-UI-With-CollectionViewUITests";
			productName = "Getir-UI-With-CollectionViewUITests";
			productReference = 9BC127C227DC8036003EC8C3 /* Getir-UI-With-CollectionViewUITests.xctest */;
			productType = "com.apple.product-type.bundle.ui-testing";
		};
/* End PBXNativeTarget section */

/* Begin PBXProject section */
		9BC1279A27DC8035003EC8C3 /* Project object */ = {
			isa = PBXProject;
			attributes = {
				BuildIndependentTargetsInParallel = 1;
				LastSwiftUpdateCheck = 1310;
				LastUpgradeCheck = 1310;
				TargetAttributes = {
					9BC127A127DC8035003EC8C3 = {
						CreatedOnToolsVersion = 13.1;
					};
					9BC127B727DC8036003EC8C3 = {
						CreatedOnToolsVersion = 13.1;
						TestTargetID = 9BC127A127DC8035003EC8C3;
					};
					9BC127C127DC8036003EC8C3 = {
						CreatedOnToolsVersion = 13.1;
						TestTargetID = 9BC127A127DC8035003EC8C3;
					};
				};
			};
			buildConfigurationList = 9BC1279D27DC8035003EC8C3 /* Build configuration list for PBXProject "Getir-UI-With-CollectionView" */;
			compatibilityVersion = "Xcode 13.0";
			developmentRegion = en;
			hasScannedForEncodings = 0;
			knownRegions = (
				en,
				Base,
			);
			mainGroup = 9BC1279927DC8035003EC8C3;
			productRefGroup = 9BC127A327DC8035003EC8C3 /* Products */;
			projectDirPath = "";
			projectRoot = "";
			targets = (
				9BC127A127DC8035003EC8C3 /* Getir-UI-With-CollectionView */,
				9BC127B727DC8036003EC8C3 /* Getir-UI-With-CollectionViewTests */,
				9BC127C127DC8036003EC8C3 /* Getir-UI-With-CollectionViewUITests */,
			);
		};
/* End PBXProject section */

/* Begin PBXResourcesBuildPhase section */
		9BC127A027DC8035003EC8C3 /* Resources */ = {
			isa = PBXResourcesBuildPhase;
			buildActionMask = 2147483647;
			files = (
				9BC127B227DC8036003EC8C3 /* LaunchScreen.storyboard in Resources */,
				9BC127AF27DC8036003EC8C3 /* Assets.xcassets in Resources */,
				9BC127AD27DC8035003EC8C3 /* Main.storyboard in Resources */,
			);
			runOnlyForDeploymentPostprocessing = 0;
		};
		9BC127B627DC8036003EC8C3 /* Resources */ = {
			isa = PBXResourcesBuildPhase;
			buildActionMask = 2147483647;
			files = (
			);
			runOnlyForDeploymentPostprocessing = 0;
		};
		9BC127C027DC8036003EC8C3 /* Resources */ = {
			isa = PBXResourcesBuildPhase;
			buildActionMask = 2147483647;
			files = (
			);
			runOnlyForDeploymentPostprocessing = 0;
		};
/* End PBXResourcesBuildPhase section */

/* Begin PBXSourcesBuildPhase section */
		9BC1279E27DC8035003EC8C3 /* Sources */ = {
			isa = PBXSourcesBuildPhase;
			buildActionMask = 2147483647;
			files = (
				9BC127AA27DC8035003EC8C3 /* ViewController.swift in Sources */,
				9BC127D627DC8547003EC8C3 /* Urunler.swift in Sources */,
				9BC127A627DC8035003EC8C3 /* AppDelegate.swift in Sources */,
				9BC127A827DC8035003EC8C3 /* SceneDelegate.swift in Sources */,
				9BE97FB827DDE56B0085964B /* UrunlerCollectionViewCell.swift in Sources */,
			);
			runOnlyForDeploymentPostprocessing = 0;
		};
		9BC127B427DC8036003EC8C3 /* Sources */ = {
			isa = PBXSourcesBuildPhase;
			buildActionMask = 2147483647;
			files = (
				9BC127BD27DC8036003EC8C3 /* Getir_UI_With_CollectionViewTests.swift in Sources */,
			);
			runOnlyForDeploymentPostprocessing = 0;
		};
		9BC127BE27DC8036003EC8C3 /* Sources */ = {
			isa = PBXSourcesBuildPhase;
			buildActionMask = 2147483647;
			files = (
				9BC127C727DC8036003EC8C3 /* Getir_UI_With_CollectionViewUITests.swift in Sources */,
				9BC127C927DC8037003EC8C3 /* Getir_UI_With_CollectionViewUITestsLaunchTests.swift in Sources */,
			);
			runOnlyForDeploymentPostprocessing = 0;
		};
/* End PBXSourcesBuildPhase section */

/* Begin PBXTargetDependency section */
		9BC127BA27DC8036003EC8C3 /* PBXTargetDependency */ = {
			isa = PBXTargetDependency;
			target = 9BC127A127DC8035003EC8C3 /* Getir-UI-With-CollectionView */;
			targetProxy = 9BC127B927DC8036003EC8C3 /* PBXContainerItemProxy */;
		};
		9BC127C427DC8036003EC8C3 /* PBXTargetDependency */ = {
			isa = PBXTargetDependency;
			target = 9BC127A127DC8035003EC8C3 /* Getir-UI-With-CollectionView */;
			targetProxy = 9BC127C327DC8036003EC8C3 /* PBXContainerItemProxy */;
		};
/* End PBXTargetDependency section */

/* Begin PBXVariantGroup section */
		9BC127AB27DC8035003EC8C3 /* Main.storyboard */ = {
			isa = PBXVariantGroup;
			children = (
				9BC127AC27DC8035003EC8C3 /* Base */,
			);
			name = Main.storyboard;
			sourceTree = "<group>";
		};
		9BC127B027DC8036003EC8C3 /* LaunchScreen.storyboard */ = {
			isa = PBXVariantGroup;
			children = (
				9BC127B127DC8036003EC8C3 /* Base */,
			);
			name = LaunchScreen.storyboard;
			sourceTree = "<group>";
		};
/* End PBXVariantGroup section */

/* Begin XCBuildConfiguration section */
		9BC127CA27DC8037003EC8C3 /* Debug */ = {
			isa = XCBuildConfiguration;
			buildSettings = {
				ALWAYS_SEARCH_USER_PATHS = NO;
				CLANG_ANALYZER_NONNULL = YES;
				CLANG_ANALYZER_NUMBER_OBJECT_CONVERSION = YES_AGGRESSIVE;
				CLANG_CXX_LANGUAGE_STANDARD = "gnu++17";
				CLANG_CXX_LIBRARY = "libc++";
				CLANG_ENABLE_MODULES = YES;
				CLANG_ENABLE_OBJC_ARC = YES;
				CLANG_ENABLE_OBJC_WEAK = YES;
				CLANG_WARN_BLOCK_CAPTURE_AUTORELEASING = YES;
				CLANG_WARN_BOOL_CONVERSION = YES;
				CLANG_WARN_COMMA = YES;
				CLANG_WARN_CONSTANT_CONVERSION = YES;
				CLANG_WARN_DEPRECATED_OBJC_IMPLEMENTATIONS = YES;
				CLANG_WARN_DIRECT_OBJC_ISA_USAGE = YES_ERROR;
				CLANG_WARN_DOCUMENTATION_COMMENTS = YES;
				CLANG_WARN_EMPTY_BODY = YES;
				CLANG_WARN_ENUM_CONVERSION = YES;
				CLANG_WARN_INFINITE_RECURSION = YES;
				CLANG_WARN_INT_CONVERSION = YES;
				CLANG_WARN_NON_LITERAL_NULL_CONVERSION = YES;
				CLANG_WARN_OBJC_IMPLICIT_RETAIN_SELF = YES;
				CLANG_WARN_OBJC_LITERAL_CONVERSION = YES;
				CLANG_WARN_OBJC_ROOT_CLASS = YES_ERROR;
				CLANG_WARN_QUOTED_INCLUDE_IN_FRAMEWORK_HEADER = YES;
				CLANG_WARN_RANGE_LOOP_ANALYSIS = YES;
				CLANG_WARN_STRICT_PROTOTYPES = YES;
				CLANG_WARN_SUSPICIOUS_MOVE = YES;
				CLANG_WARN_UNGUARDED_AVAILABILITY = YES_AGGRESSIVE;
				CLANG_WARN_UNREACHABLE_CODE = YES;
				CLANG_WARN__DUPLICATE_METHOD_MATCH = YES;
				COPY_PHASE_STRIP = NO;
				DEBUG_INFORMATION_FORMAT = dwarf;
				ENABLE_STRICT_OBJC_MSGSEND = YES;
				ENABLE_TESTABILITY = YES;
				GCC_C_LANGUAGE_STANDARD = gnu11;
				GCC_DYNAMIC_NO_PIC = NO;
				GCC_NO_COMMON_BLOCKS = YES;
				GCC_OPTIMIZATION_LEVEL = 0;
				GCC_PREPROCESSOR_DEFINITIONS = (
					"DEBUG=1",
					"$(inherited)",
				);
				GCC_WARN_64_TO_32_BIT_CONVERSION = YES;
				GCC_WARN_ABOUT_RETURN_TYPE = YES_ERROR;
				GCC_WARN_UNDECLARED_SELECTOR = YES;
				GCC_WARN_UNINITIALIZED_AUTOS = YES_AGGRESSIVE;
				GCC_WARN_UNUSED_FUNCTION = YES;
				GCC_WARN_UNUSED_VARIABLE = YES;
				IPHONEOS_DEPLOYMENT_TARGET = 15.0;
				MTL_ENABLE_DEBUG_INFO = INCLUDE_SOURCE;
				MTL_FAST_MATH = YES;
				ONLY_ACTIVE_ARCH = YES;
				SDKROOT = iphoneos;
				SWIFT_ACTIVE_COMPILATION_CONDITIONS = DEBUG;
				SWIFT_OPTIMIZATION_LEVEL = "-Onone";
			};
			name = Debug;
		};
		9BC127CB27DC8037003EC8C3 /* Release */ = {
			isa = XCBuildConfiguration;
			buildSettings = {
				ALWAYS_SEARCH_USER_PATHS = NO;
				CLANG_ANALYZER_NONNULL = YES;
				CLANG_ANALYZER_NUMBER_OBJECT_CONVERSION = YES_AGGRESSIVE;
				CLANG_CXX_LANGUAGE_STANDARD = "gnu++17";
				CLANG_CXX_LIBRARY = "libc++";
				CLANG_ENABLE_MODULES = YES;
				CLANG_ENABLE_OBJC_ARC = YES;
				CLANG_ENABLE_OBJC_WEAK = YES;
				CLANG_WARN_BLOCK_CAPTURE_AUTORELEASING = YES;
				CLANG_WARN_BOOL_CONVERSION = YES;
				CLANG_WARN_COMMA = YES;
				CLANG_WARN_CONSTANT_CONVERSION = YES;
				CLANG_WARN_DEPRECATED_OBJC_IMPLEMENTATIONS = YES;
				CLANG_WARN_DIRECT_OBJC_ISA_USAGE = YES_ERROR;
				CLANG_WARN_DOCUMENTATION_COMMENTS = YES;
				CLANG_WARN_EMPTY_BODY = YES;
				CLANG_WARN_ENUM_CONVERSION = YES;
				CLANG_WARN_INFINITE_RECURSION = YES;
				CLANG_WARN_INT_CONVERSION = YES;
				CLANG_WARN_NON_LITERAL_NULL_CONVERSION = YES;
				CLANG_WARN_OBJC_IMPLICIT_RETAIN_SELF = YES;
				CLANG_WARN_OBJC_LITERAL_CONVERSION = YES;
				CLANG_WARN_OBJC_ROOT_CLASS = YES_ERROR;
				CLANG_WARN_QUOTED_INCLUDE_IN_FRAMEWORK_HEADER = YES;
				CLANG_WARN_RANGE_LOOP_ANALYSIS = YES;
				CLANG_WARN_STRICT_PROTOTYPES = YES;
				CLANG_WARN_SUSPICIOUS_MOVE = YES;
				CLANG_WARN_UNGUARDED_AVAILABILITY = YES_AGGRESSIVE;
				CLANG_WARN_UNREACHABLE_CODE = YES;
				CLANG_WARN__DUPLICATE_METHOD_MATCH = YES;
				COPY_PHASE_STRIP = NO;
				DEBUG_INFORMATION_FORMAT = "dwarf-with-dsym";
				ENABLE_NS_ASSERTIONS = NO;
				ENABLE_STRICT_OBJC_MSGSEND = YES;
				GCC_C_LANGUAGE_STANDARD = gnu11;
				GCC_NO_COMMON_BLOCKS = YES;
				GCC_WARN_64_TO_32_BIT_CONVERSION = YES;
				GCC_WARN_ABOUT_RETURN_TYPE = YES_ERROR;
				GCC_WARN_UNDECLARED_SELECTOR = YES;
				GCC_WARN_UNINITIALIZED_AUTOS = YES_AGGRESSIVE;
				GCC_WARN_UNUSED_FUNCTION = YES;
				GCC_WARN_UNUSED_VARIABLE = YES;
				IPHONEOS_DEPLOYMENT_TARGET = 15.0;
				MTL_ENABLE_DEBUG_INFO = NO;
				MTL_FAST_MATH = YES;
				SDKROOT = iphoneos;
				SWIFT_COMPILATION_MODE = wholemodule;
				SWIFT_OPTIMIZATION_LEVEL = "-O";
				VALIDATE_PRODUCT = YES;
			};
			name = Release;
		};
		9BC127CD27DC8037003EC8C3 /* Debug */ = {
			isa = XCBuildConfiguration;
			buildSettings = {
				ASSETCATALOG_COMPILER_APPICON_NAME = AppIcon;
				ASSETCATALOG_COMPILER_GLOBAL_ACCENT_COLOR_NAME = AccentColor;
				CODE_SIGN_STYLE = Automatic;
				CURRENT_PROJECT_VERSION = 1;
				GENERATE_INFOPLIST_FILE = YES;
				INFOPLIST_FILE = "Getir-UI-With-CollectionView/Info.plist";
				INFOPLIST_KEY_UIApplicationSupportsIndirectInputEvents = YES;
				INFOPLIST_KEY_UILaunchStoryboardName = LaunchScreen;
				INFOPLIST_KEY_UIMainStoryboardFile = Main;
				INFOPLIST_KEY_UISupportedInterfaceOrientations_iPad = "UIInterfaceOrientationPortrait UIInterfaceOrientationPortraitUpsideDown UIInterfaceOrientationLandscapeLeft UIInterfaceOrientationLandscapeRight";
				INFOPLIST_KEY_UISupportedInterfaceOrientations_iPhone = "UIInterfaceOrientationPortrait UIInterfaceOrientationLandscapeLeft UIInterfaceOrientationLandscapeRight";
				LD_RUNPATH_SEARCH_PATHS = (
					"$(inherited)",
					"@executable_path/Frameworks",
				);
				MARKETING_VERSION = 1.0;
				PRODUCT_BUNDLE_IDENTIFIER = "com.info.Getir-UI-With-CollectionView";
				PRODUCT_NAME = "$(TARGET_NAME)";
				SWIFT_EMIT_LOC_STRINGS = YES;
				SWIFT_VERSION = 5.0;
				TARGETED_DEVICE_FAMILY = "1,2";
			};
			name = Debug;
		};
		9BC127CE27DC8037003EC8C3 /* Release */ = {
			isa = XCBuildConfiguration;
			buildSettings = {
				ASSETCATALOG_COMPILER_APPICON_NAME = AppIcon;
				ASSETCATALOG_COMPILER_GLOBAL_ACCENT_COLOR_NAME = AccentColor;
				CODE_SIGN_STYLE = Automatic;
				CURRENT_PROJECT_VERSION = 1;
				GENERATE_INFOPLIST_FILE = YES;
				INFOPLIST_FILE = "Getir-UI-With-CollectionView/Info.plist";
				INFOPLIST_KEY_UIApplicationSupportsIndirectInputEvents = YES;
				INFOPLIST_KEY_UILaunchStoryboardName = LaunchScreen;
				INFOPLIST_KEY_UIMainStoryboardFile = Main;
				INFOPLIST_KEY_UISupportedInterfaceOrientations_iPad = "UIInterfaceOrientationPortrait UIInterfaceOrientationPortraitUpsideDown UIInterfaceOrientationLandscapeLeft UIInterfaceOrientationLandscapeRight";
				INFOPLIST_KEY_UISupportedInterfaceOrientations_iPhone = "UIInterfaceOrientationPortrait UIInterfaceOrientationLandscapeLeft UIInterfaceOrientationLandscapeRight";
				LD_RUNPATH_SEARCH_PATHS = (
					"$(inherited)",
					"@executable_path/Frameworks",
				);
				MARKETING_VERSION = 1.0;
				PRODUCT_BUNDLE_IDENTIFIER = "com.info.Getir-UI-With-CollectionView";
				PRODUCT_NAME = "$(TARGET_NAME)";
				SWIFT_EMIT_LOC_STRINGS = YES;
				SWIFT_VERSION = 5.0;
				TARGETED_DEVICE_FAMILY = "1,2";
			};
			name = Release;
		};
		9BC127D027DC8037003EC8C3 /* Debug */ = {
			isa = XCBuildConfiguration;
			buildSettings = {
				ALWAYS_EMBED_SWIFT_STANDARD_LIBRARIES = YES;
				BUNDLE_LOADER = "$(TEST_HOST)";
				CODE_SIGN_STYLE = Automatic;
				CURRENT_PROJECT_VERSION = 1;
				GENERATE_INFOPLIST_FILE = YES;
				IPHONEOS_DEPLOYMENT_TARGET = 15.0;
				LD_RUNPATH_SEARCH_PATHS = (
					"$(inherited)",
					"@executable_path/Frameworks",
					"@loader_path/Frameworks",
				);
				MARKETING_VERSION = 1.0;
				PRODUCT_BUNDLE_IDENTIFIER = "com.info.Getir-UI-With-CollectionViewTests";
				PRODUCT_NAME = "$(TARGET_NAME)";
				SWIFT_EMIT_LOC_STRINGS = NO;
				SWIFT_VERSION = 5.0;
				TARGETED_DEVICE_FAMILY = "1,2";
				TEST_HOST = "$(BUILT_PRODUCTS_DIR)/Getir-UI-With-CollectionView.app/Getir-UI-With-CollectionView";
			};
			name = Debug;
		};
		9BC127D127DC8037003EC8C3 /* Release */ = {
			isa = XCBuildConfiguration;
			buildSettings = {
				ALWAYS_EMBED_SWIFT_STANDARD_LIBRARIES = YES;
				BUNDLE_LOADER = "$(TEST_HOST)";
				CODE_SIGN_STYLE = Automatic;
				CURRENT_PROJECT_VERSION = 1;
				GENERATE_INFOPLIST_FILE = YES;
				IPHONEOS_DEPLOYMENT_TARGET = 15.0;
				LD_RUNPATH_SEARCH_PATHS = (
					"$(inherited)",
					"@executable_path/Frameworks",
					"@loader_path/Frameworks",
				);
				MARKETING_VERSION = 1.0;
				PRODUCT_BUNDLE_IDENTIFIER = "com.info.Getir-UI-With-CollectionViewTests";
				PRODUCT_NAME = "$(TARGET_NAME)";
				SWIFT_EMIT_LOC_STRINGS = NO;
				SWIFT_VERSION = 5.0;
				TARGETED_DEVICE_FAMILY = "1,2";
				TEST_HOST = "$(BUILT_PRODUCTS_DIR)/Getir-UI-With-CollectionView.app/Getir-UI-With-CollectionView";
			};
			name = Release;
		};
		9BC127D327DC8037003EC8C3 /* Debug */ = {
			isa = XCBuildConfiguration;
			buildSettings = {
				ALWAYS_EMBED_SWIFT_STANDARD_LIBRARIES = YES;
				CODE_SIGN_STYLE = Automatic;
				CURRENT_PROJECT_VERSION = 1;
				GENERATE_INFOPLIST_FILE = YES;
				LD_RUNPATH_SEARCH_PATHS = (
					"$(inherited)",
					"@executable_path/Frameworks",
					"@loader_path/Frameworks",
				);
				MARKETING_VERSION = 1.0;
				PRODUCT_BUNDLE_IDENTIFIER = "com.info.Getir-UI-With-CollectionViewUITests";
				PRODUCT_NAME = "$(TARGET_NAME)";
				SWIFT_EMIT_LOC_STRINGS = NO;
				SWIFT_VERSION = 5.0;
				TARGETED_DEVICE_FAMILY = "1,2";
				TEST_TARGET_NAME = "Getir-UI-With-CollectionView";
			};
			name = Debug;
		};
		9BC127D427DC8037003EC8C3 /* Release */ = {
			isa = XCBuildConfiguration;
			buildSettings = {
				ALWAYS_EMBED_SWIFT_STANDARD_LIBRARIES = YES;
				CODE_SIGN_STYLE = Automatic;
				CURRENT_PROJECT_VERSION = 1;
				GENERATE_INFOPLIST_FILE = YES;
				LD_RUNPATH_SEARCH_PATHS = (
					"$(inherited)",
					"@executable_path/Frameworks",
					"@loader_path/Frameworks",
				);
				MARKETING_VERSION = 1.0;
				PRODUCT_BUNDLE_IDENTIFIER = "com.info.Getir-UI-With-CollectionViewUITests";
				PRODUCT_NAME = "$(TARGET_NAME)";
				SWIFT_EMIT_LOC_STRINGS = NO;
				SWIFT_VERSION = 5.0;
				TARGETED_DEVICE_FAMILY = "1,2";
				TEST_TARGET_NAME = "Getir-UI-With-CollectionView";
			};
			name = Release;
		};
/* End XCBuildConfiguration section */

/* Begin XCConfigurationList section */
		9BC1279D27DC8035003EC8C3 /* Build configuration list for PBXProject "Getir-UI-With-CollectionView" */ = {
			isa = XCConfigurationList;
			buildConfigurations = (
				9BC127CA27DC8037003EC8C3 /* Debug */,
				9BC127CB27DC8037003EC8C3 /* Release */,
			);
			defaultConfigurationIsVisible = 0;
			defaultConfigurationName = Release;
		};
		9BC127CC27DC8037003EC8C3 /* Build configuration list for PBXNativeTarget "Getir-UI-With-CollectionView" */ = {
			isa = XCConfigurationList;
			buildConfigurations = (
				9BC127CD27DC8037003EC8C3 /* Debug */,
				9BC127CE27DC8037003EC8C3 /* Release */,
			);
			defaultConfigurationIsVisible = 0;
			defaultConfigurationName = Release;
		};
		9BC127CF27DC8037003EC8C3 /* Build configuration list for PBXNativeTarget "Getir-UI-With-CollectionViewTests" */ = {
			isa = XCConfigurationList;
			buildConfigurations = (
				9BC127D027DC8037003EC8C3 /* Debug */,
				9BC127D127DC8037003EC8C3 /* Release */,
			);
			defaultConfigurationIsVisible = 0;
			defaultConfigurationName = Release;
		};
		9BC127D227DC8037003EC8C3 /* Build configuration list for PBXNativeTarget "Getir-UI-With-CollectionViewUITests" */ = {
			isa = XCConfigurationList;
			buildConfigurations = (
				9BC127D327DC8037003EC8C3 /* Debug */,
				9BC127D427DC8037003EC8C3 /* Release */,
			);
			defaultConfigurationIsVisible = 0;
			defaultConfigurationName = Release;
		};
/* End XCConfigurationList section */
	};
	rootObject = 9BC1279A27DC8035003EC8C3 /* Project object */;
}
