// !$*UTF8*$!
{
	archiveVersion = 1;
	classes = {
	};
	objectVersion = 55;
	objects = {

/* Begin PBXBuildFile section */
		9BD8EA9827CD48E80033B17C /* AppDelegate.swift in Sources */ = {isa = PBXBuildFile; fileRef = 9BD8EA9727CD48E80033B17C /* AppDelegate.swift */; };
		9BD8EA9A27CD48E80033B17C /* SceneDelegate.swift in Sources */ = {isa = PBXBuildFile; fileRef = 9BD8EA9927CD48E80033B17C /* SceneDelegate.swift */; };
		9BD8EA9C27CD48E80033B17C /* ViewController.swift in Sources */ = {isa = PBXBuildFile; fileRef = 9BD8EA9B27CD48E80033B17C /* ViewController.swift */; };
		9BD8EA9F27CD48E80033B17C /* Main.storyboard in Resources */ = {isa = PBXBuildFile; fileRef = 9BD8EA9D27CD48E80033B17C /* Main.storyboard */; };
		9BD8EAA127CD48E90033B17C /* Assets.xcassets in Resources */ = {isa = PBXBuildFile; fileRef = 9BD8EAA027CD48E90033B17C /* Assets.xcassets */; };
		9BD8EAA427CD48E90033B17C /* LaunchScreen.storyboard in Resources */ = {isa = PBXBuildFile; fileRef = 9BD8EAA227CD48E90033B17C /* LaunchScreen.storyboard */; };
		9BD8EAAF27CD48EA0033B17C /* KullaniciEtkilesimiTests.swift in Sources */ = {isa = PBXBuildFile; fileRef = 9BD8EAAE27CD48EA0033B17C /* KullaniciEtkilesimiTests.swift */; };
		9BD8EAB927CD48EA0033B17C /* KullaniciEtkilesimiUITests.swift in Sources */ = {isa = PBXBuildFile; fileRef = 9BD8EAB827CD48EA0033B17C /* KullaniciEtkilesimiUITests.swift */; };
		9BD8EABB27CD48EA0033B17C /* KullaniciEtkilesimiUITestsLaunchTests.swift in Sources */ = {isa = PBXBuildFile; fileRef = 9BD8EABA27CD48EA0033B17C /* KullaniciEtkilesimiUITestsLaunchTests.swift */; };
/* End PBXBuildFile section */

/* Begin PBXContainerItemProxy section */
		9BD8EAAB27CD48EA0033B17C /* PBXContainerItemProxy */ = {
			isa = PBXContainerItemProxy;
			containerPortal = 9BD8EA8C27CD48E80033B17C /* Project object */;
			proxyType = 1;
			remoteGlobalIDString = 9BD8EA9327CD48E80033B17C;
			remoteInfo = KullaniciEtkilesimi;
		};
		9BD8EAB527CD48EA0033B17C /* PBXContainerItemProxy */ = {
			isa = PBXContainerItemProxy;
			containerPortal = 9BD8EA8C27CD48E80033B17C /* Project object */;
			proxyType = 1;
			remoteGlobalIDString = 9BD8EA9327CD48E80033B17C;
			remoteInfo = KullaniciEtkilesimi;
		};
/* End PBXContainerItemProxy section */

/* Begin PBXFileReference section */
		9BD8EA9427CD48E80033B17C /* KullaniciEtkilesimi.app */ = {isa = PBXFileReference; explicitFileType = wrapper.application; includeInIndex = 0; path = KullaniciEtkilesimi.app; sourceTree = BUILT_PRODUCTS_DIR; };
		9BD8EA9727CD48E80033B17C /* AppDelegate.swift */ = {isa = PBXFileReference; lastKnownFileType = sourcecode.swift; path = AppDelegate.swift; sourceTree = "<group>"; };
		9BD8EA9927CD48E80033B17C /* SceneDelegate.swift */ = {isa = PBXFileReference; lastKnownFileType = sourcecode.swift; path = SceneDelegate.swift; sourceTree = "<group>"; };
		9BD8EA9B27CD48E80033B17C /* ViewController.swift */ = {isa = PBXFileReference; lastKnownFileType = sourcecode.swift; path = ViewController.swift; sourceTree = "<group>"; };
		9BD8EA9E27CD48E80033B17C /* Base */ = {isa = PBXFileReference; lastKnownFileType = file.storyboard; name = Base; path = Base.lproj/Main.storyboard; sourceTree = "<group>"; };
		9BD8EAA027CD48E90033B17C /* Assets.xcassets */ = {isa = PBXFileReference; lastKnownFileType = folder.assetcatalog; path = Assets.xcassets; sourceTree = "<group>"; };
		9BD8EAA327CD48E90033B17C /* Base */ = {isa = PBXFileReference; lastKnownFileType = file.storyboard; name = Base; path = Base.lproj/LaunchScreen.storyboard; sourceTree = "<group>"; };
		9BD8EAA527CD48E90033B17C /* Info.plist */ = {isa = PBXFileReference; lastKnownFileType = text.plist.xml; path = Info.plist; sourceTree = "<group>"; };
		9BD8EAAA27CD48EA0033B17C /* KullaniciEtkilesimiTests.xctest */ = {isa = PBXFileReference; explicitFileType = wrapper.cfbundle; includeInIndex = 0; path = KullaniciEtkilesimiTests.xctest; sourceTree = BUILT_PRODUCTS_DIR; };
		9BD8EAAE27CD48EA0033B17C /* KullaniciEtkilesimiTests.swift */ = {isa = PBXFileReference; lastKnownFileType = sourcecode.swift; path = KullaniciEtkilesimiTests.swift; sourceTree = "<group>"; };
		9BD8EAB427CD48EA0033B17C /* KullaniciEtkilesimiUITests.xctest */ = {isa = PBXFileReference; explicitFileType = wrapper.cfbundle; includeInIndex = 0; path = KullaniciEtkilesimiUITests.xctest; sourceTree = BUILT_PRODUCTS_DIR; };
		9BD8EAB827CD48EA0033B17C /* KullaniciEtkilesimiUITests.swift */ = {isa = PBXFileReference; lastKnownFileType = sourcecode.swift; path = KullaniciEtkilesimiUITests.swift; sourceTree = "<group>"; };
		9BD8EABA27CD48EA0033B17C /* KullaniciEtkilesimiUITestsLaunchTests.swift */ = {isa = PBXFileReference; lastKnownFileType = sourcecode.swift; path = KullaniciEtkilesimiUITestsLaunchTests.swift; sourceTree = "<group>"; };
/* End PBXFileReference section */

/* Begin PBXFrameworksBuildPhase section */
		9BD8EA9127CD48E80033B17C /* Frameworks */ = {
			isa = PBXFrameworksBuildPhase;
			buildActionMask = 2147483647;
			files = (
			);
			runOnlyForDeploymentPostprocessing = 0;
		};
		9BD8EAA727CD48EA0033B17C /* Frameworks */ = {
			isa = PBXFrameworksBuildPhase;
			buildActionMask = 2147483647;
			files = (
			);
			runOnlyForDeploymentPostprocessing = 0;
		};
		9BD8EAB127CD48EA0033B17C /* Frameworks */ = {
			isa = PBXFrameworksBuildPhase;
			buildActionMask = 2147483647;
			files = (
			);
			runOnlyForDeploymentPostprocessing = 0;
		};
/* End PBXFrameworksBuildPhase section */

/* Begin PBXGroup section */
		9BD8EA8B27CD48E80033B17C = {
			isa = PBXGroup;
			children = (
				9BD8EA9627CD48E80033B17C /* KullaniciEtkilesimi */,
				9BD8EAAD27CD48EA0033B17C /* KullaniciEtkilesimiTests */,
				9BD8EAB727CD48EA0033B17C /* KullaniciEtkilesimiUITests */,
				9BD8EA9527CD48E80033B17C /* Products */,
			);
			sourceTree = "<group>";
		};
		9BD8EA9527CD48E80033B17C /* Products */ = {
			isa = PBXGroup;
			children = (
				9BD8EA9427CD48E80033B17C /* KullaniciEtkilesimi.app */,
				9BD8EAAA27CD48EA0033B17C /* KullaniciEtkilesimiTests.xctest */,
				9BD8EAB427CD48EA0033B17C /* KullaniciEtkilesimiUITests.xctest */,
			);
			name = Products;
			sourceTree = "<group>";
		};
		9BD8EA9627CD48E80033B17C /* KullaniciEtkilesimi */ = {
			isa = PBXGroup;
			children = (
				9BD8EA9727CD48E80033B17C /* AppDelegate.swift */,
				9BD8EA9927CD48E80033B17C /* SceneDelegate.swift */,
				9BD8EA9B27CD48E80033B17C /* ViewController.swift */,
				9BD8EA9D27CD48E80033B17C /* Main.storyboard */,
				9BD8EAA027CD48E90033B17C /* Assets.xcassets */,
				9BD8EAA227CD48E90033B17C /* LaunchScreen.storyboard */,
				9BD8EAA527CD48E90033B17C /* Info.plist */,
			);
			path = KullaniciEtkilesimi;
			sourceTree = "<group>";
		};
		9BD8EAAD27CD48EA0033B17C /* KullaniciEtkilesimiTests */ = {
			isa = PBXGroup;
			children = (
				9BD8EAAE27CD48EA0033B17C /* KullaniciEtkilesimiTests.swift */,
			);
			path = KullaniciEtkilesimiTests;
			sourceTree = "<group>";
		};
		9BD8EAB727CD48EA0033B17C /* KullaniciEtkilesimiUITests */ = {
			isa = PBXGroup;
			children = (
				9BD8EAB827CD48EA0033B17C /* KullaniciEtkilesimiUITests.swift */,
				9BD8EABA27CD48EA0033B17C /* KullaniciEtkilesimiUITestsLaunchTests.swift */,
			);
			path = KullaniciEtkilesimiUITests;
			sourceTree = "<group>";
		};
/* End PBXGroup section */

/* Begin PBXNativeTarget section */
		9BD8EA9327CD48E80033B17C /* KullaniciEtkilesimi */ = {
			isa = PBXNativeTarget;
			buildConfigurationList = 9BD8EABE27CD48EA0033B17C /* Build configuration list for PBXNativeTarget "KullaniciEtkilesimi" */;
			buildPhases = (
				9BD8EA9027CD48E80033B17C /* Sources */,
				9BD8EA9127CD48E80033B17C /* Frameworks */,
				9BD8EA9227CD48E80033B17C /* Resources */,
			);
			buildRules = (
			);
			dependencies = (
			);
			name = KullaniciEtkilesimi;
			productName = KullaniciEtkilesimi;
			productReference = 9BD8EA9427CD48E80033B17C /* KullaniciEtkilesimi.app */;
			productType = "com.apple.product-type.application";
		};
		9BD8EAA927CD48EA0033B17C /* KullaniciEtkilesimiTests */ = {
			isa = PBXNativeTarget;
			buildConfigurationList = 9BD8EAC127CD48EA0033B17C /* Build configuration list for PBXNativeTarget "KullaniciEtkilesimiTests" */;
			buildPhases = (
				9BD8EAA627CD48EA0033B17C /* Sources */,
				9BD8EAA727CD48EA0033B17C /* Frameworks */,
				9BD8EAA827CD48EA0033B17C /* Resources */,
			);
			buildRules = (
			);
			dependencies = (
				9BD8EAAC27CD48EA0033B17C /* PBXTargetDependency */,
			);
			name = KullaniciEtkilesimiTests;
			productName = KullaniciEtkilesimiTests;
			productReference = 9BD8EAAA27CD48EA0033B17C /* KullaniciEtkilesimiTests.xctest */;
			productType = "com.apple.product-type.bundle.unit-test";
		};
		9BD8EAB327CD48EA0033B17C /* KullaniciEtkilesimiUITests */ = {
			isa = PBXNativeTarget;
			buildConfigurationList = 9BD8EAC427CD48EA0033B17C /* Build configuration list for PBXNativeTarget "KullaniciEtkilesimiUITests" */;
			buildPhases = (
				9BD8EAB027CD48EA0033B17C /* Sources */,
				9BD8EAB127CD48EA0033B17C /* Frameworks */,
				9BD8EAB227CD48EA0033B17C /* Resources */,
			);
			buildRules = (
			);
			dependencies = (
				9BD8EAB627CD48EA0033B17C /* PBXTargetDependency */,
			);
			name = KullaniciEtkilesimiUITests;
			productName = KullaniciEtkilesimiUITests;
			productReference = 9BD8EAB427CD48EA0033B17C /* KullaniciEtkilesimiUITests.xctest */;
			productType = "com.apple.product-type.bundle.ui-testing";
		};
/* End PBXNativeTarget section */

/* Begin PBXProject section */
		9BD8EA8C27CD48E80033B17C /* Project object */ = {
			isa = PBXProject;
			attributes = {
				BuildIndependentTargetsInParallel = 1;
				LastSwiftUpdateCheck = 1310;
				LastUpgradeCheck = 1310;
				TargetAttributes = {
					9BD8EA9327CD48E80033B17C = {
						CreatedOnToolsVersion = 13.1;
					};
					9BD8EAA927CD48EA0033B17C = {
						CreatedOnToolsVersion = 13.1;
						TestTargetID = 9BD8EA9327CD48E80033B17C;
					};
					9BD8EAB327CD48EA0033B17C = {
						CreatedOnToolsVersion = 13.1;
						TestTargetID = 9BD8EA9327CD48E80033B17C;
					};
				};
			};
			buildConfigurationList = 9BD8EA8F27CD48E80033B17C /* Build configuration list for PBXProject "KullaniciEtkilesimi" */;
			compatibilityVersion = "Xcode 13.0";
			developmentRegion = en;
			hasScannedForEncodings = 0;
			knownRegions = (
				en,
				Base,
			);
			mainGroup = 9BD8EA8B27CD48E80033B17C;
			productRefGroup = 9BD8EA9527CD48E80033B17C /* Products */;
			projectDirPath = "";
			projectRoot = "";
			targets = (
				9BD8EA9327CD48E80033B17C /* KullaniciEtkilesimi */,
				9BD8EAA927CD48EA0033B17C /* KullaniciEtkilesimiTests */,
				9BD8EAB327CD48EA0033B17C /* KullaniciEtkilesimiUITests */,
			);
		};
/* End PBXProject section */

/* Begin PBXResourcesBuildPhase section */
		9BD8EA9227CD48E80033B17C /* Resources */ = {
			isa = PBXResourcesBuildPhase;
			buildActionMask = 2147483647;
			files = (
				9BD8EAA427CD48E90033B17C /* LaunchScreen.storyboard in Resources */,
				9BD8EAA127CD48E90033B17C /* Assets.xcassets in Resources */,
				9BD8EA9F27CD48E80033B17C /* Main.storyboard in Resources */,
			);
			runOnlyForDeploymentPostprocessing = 0;
		};
		9BD8EAA827CD48EA0033B17C /* Resources */ = {
			isa = PBXResourcesBuildPhase;
			buildActionMask = 2147483647;
			files = (
			);
			runOnlyForDeploymentPostprocessing = 0;
		};
		9BD8EAB227CD48EA0033B17C /* Resources */ = {
			isa = PBXResourcesBuildPhase;
			buildActionMask = 2147483647;
			files = (
			);
			runOnlyForDeploymentPostprocessing = 0;
		};
/* End PBXResourcesBuildPhase section */

/* Begin PBXSourcesBuildPhase section */
		9BD8EA9027CD48E80033B17C /* Sources */ = {
			isa = PBXSourcesBuildPhase;
			buildActionMask = 2147483647;
			files = (
				9BD8EA9C27CD48E80033B17C /* ViewController.swift in Sources */,
				9BD8EA9827CD48E80033B17C /* AppDelegate.swift in Sources */,
				9BD8EA9A27CD48E80033B17C /* SceneDelegate.swift in Sources */,
			);
			runOnlyForDeploymentPostprocessing = 0;
		};
		9BD8EAA627CD48EA0033B17C /* Sources */ = {
			isa = PBXSourcesBuildPhase;
			buildActionMask = 2147483647;
			files = (
				9BD8EAAF27CD48EA0033B17C /* KullaniciEtkilesimiTests.swift in Sources */,
			);
			runOnlyForDeploymentPostprocessing = 0;
		};
		9BD8EAB027CD48EA0033B17C /* Sources */ = {
			isa = PBXSourcesBuildPhase;
			buildActionMask = 2147483647;
			files = (
				9BD8EAB927CD48EA0033B17C /* KullaniciEtkilesimiUITests.swift in Sources */,
				9BD8EABB27CD48EA0033B17C /* KullaniciEtkilesimiUITestsLaunchTests.swift in Sources */,
			);
			runOnlyForDeploymentPostprocessing = 0;
		};
/* End PBXSourcesBuildPhase section */

/* Begin PBXTargetDependency section */
		9BD8EAAC27CD48EA0033B17C /* PBXTargetDependency */ = {
			isa = PBXTargetDependency;
			target = 9BD8EA9327CD48E80033B17C /* KullaniciEtkilesimi */;
			targetProxy = 9BD8EAAB27CD48EA0033B17C /* PBXContainerItemProxy */;
		};
		9BD8EAB627CD48EA0033B17C /* PBXTargetDependency */ = {
			isa = PBXTargetDependency;
			target = 9BD8EA9327CD48E80033B17C /* KullaniciEtkilesimi */;
			targetProxy = 9BD8EAB527CD48EA0033B17C /* PBXContainerItemProxy */;
		};
/* End PBXTargetDependency section */

/* Begin PBXVariantGroup section */
		9BD8EA9D27CD48E80033B17C /* Main.storyboard */ = {
			isa = PBXVariantGroup;
			children = (
				9BD8EA9E27CD48E80033B17C /* Base */,
			);
			name = Main.storyboard;
			sourceTree = "<group>";
		};
		9BD8EAA227CD48E90033B17C /* LaunchScreen.storyboard */ = {
			isa = PBXVariantGroup;
			children = (
				9BD8EAA327CD48E90033B17C /* Base */,
			);
			name = LaunchScreen.storyboard;
			sourceTree = "<group>";
		};
/* End PBXVariantGroup section */

/* Begin XCBuildConfiguration section */
		9BD8EABC27CD48EA0033B17C /* Debug */ = {
			isa = XCBuildConfiguration;
			buildSettings = {
				ALWAYS_SEARCH_USER_PATHS = NO;
				CLANG_ANALYZER_NONNULL = YES;
				CLANG_ANALYZER_NUMBER_OBJECT_CONVERSION = YES_AGGRESSIVE;
				CLANG_CXX_LANGUAGE_STANDARD = "gnu++17";
				CLANG_CXX_LIBRARY = "libc++";
				CLANG_ENABLE_MODULES = YES;
				CLANG_ENABLE_OBJC_ARC = YES;
				CLANG_ENABLE_OBJC_WEAK = YES;
				CLANG_WARN_BLOCK_CAPTURE_AUTORELEASING = YES;
				CLANG_WARN_BOOL_CONVERSION = YES;
				CLANG_WARN_COMMA = YES;
				CLANG_WARN_CONSTANT_CONVERSION = YES;
				CLANG_WARN_DEPRECATED_OBJC_IMPLEMENTATIONS = YES;
				CLANG_WARN_DIRECT_OBJC_ISA_USAGE = YES_ERROR;
				CLANG_WARN_DOCUMENTATION_COMMENTS = YES;
				CLANG_WARN_EMPTY_BODY = YES;
				CLANG_WARN_ENUM_CONVERSION = YES;
				CLANG_WARN_INFINITE_RECURSION = YES;
				CLANG_WARN_INT_CONVERSION = YES;
				CLANG_WARN_NON_LITERAL_NULL_CONVERSION = YES;
				CLANG_WARN_OBJC_IMPLICIT_RETAIN_SELF = YES;
				CLANG_WARN_OBJC_LITERAL_CONVERSION = YES;
				CLANG_WARN_OBJC_ROOT_CLASS = YES_ERROR;
				CLANG_WARN_QUOTED_INCLUDE_IN_FRAMEWORK_HEADER = YES;
				CLANG_WARN_RANGE_LOOP_ANALYSIS = YES;
				CLANG_WARN_STRICT_PROTOTYPES = YES;
				CLANG_WARN_SUSPICIOUS_MOVE = YES;
				CLANG_WARN_UNGUARDED_AVAILABILITY = YES_AGGRESSIVE;
				CLANG_WARN_UNREACHABLE_CODE = YES;
				CLANG_WARN__DUPLICATE_METHOD_MATCH = YES;
				COPY_PHASE_STRIP = NO;
				DEBUG_INFORMATION_FORMAT = dwarf;
				ENABLE_STRICT_OBJC_MSGSEND = YES;
				ENABLE_TESTABILITY = YES;
				GCC_C_LANGUAGE_STANDARD = gnu11;
				GCC_DYNAMIC_NO_PIC = NO;
				GCC_NO_COMMON_BLOCKS = YES;
				GCC_OPTIMIZATION_LEVEL = 0;
				GCC_PREPROCESSOR_DEFINITIONS = (
					"DEBUG=1",
					"$(inherited)",
				);
				GCC_WARN_64_TO_32_BIT_CONVERSION = YES;
				GCC_WARN_ABOUT_RETURN_TYPE = YES_ERROR;
				GCC_WARN_UNDECLARED_SELECTOR = YES;
				GCC_WARN_UNINITIALIZED_AUTOS = YES_AGGRESSIVE;
				GCC_WARN_UNUSED_FUNCTION = YES;
				GCC_WARN_UNUSED_VARIABLE = YES;
				IPHONEOS_DEPLOYMENT_TARGET = 15.0;
				MTL_ENABLE_DEBUG_INFO = INCLUDE_SOURCE;
				MTL_FAST_MATH = YES;
				ONLY_ACTIVE_ARCH = YES;
				SDKROOT = iphoneos;
				SWIFT_ACTIVE_COMPILATION_CONDITIONS = DEBUG;
				SWIFT_OPTIMIZATION_LEVEL = "-Onone";
			};
			name = Debug;
		};
		9BD8EABD27CD48EA0033B17C /* Release */ = {
			isa = XCBuildConfiguration;
			buildSettings = {
				ALWAYS_SEARCH_USER_PATHS = NO;
				CLANG_ANALYZER_NONNULL = YES;
				CLANG_ANALYZER_NUMBER_OBJECT_CONVERSION = YES_AGGRESSIVE;
				CLANG_CXX_LANGUAGE_STANDARD = "gnu++17";
				CLANG_CXX_LIBRARY = "libc++";
				CLANG_ENABLE_MODULES = YES;
				CLANG_ENABLE_OBJC_ARC = YES;
				CLANG_ENABLE_OBJC_WEAK = YES;
				CLANG_WARN_BLOCK_CAPTURE_AUTORELEASING = YES;
				CLANG_WARN_BOOL_CONVERSION = YES;
				CLANG_WARN_COMMA = YES;
				CLANG_WARN_CONSTANT_CONVERSION = YES;
				CLANG_WARN_DEPRECATED_OBJC_IMPLEMENTATIONS = YES;
				CLANG_WARN_DIRECT_OBJC_ISA_USAGE = YES_ERROR;
				CLANG_WARN_DOCUMENTATION_COMMENTS = YES;
				CLANG_WARN_EMPTY_BODY = YES;
				CLANG_WARN_ENUM_CONVERSION = YES;
				CLANG_WARN_INFINITE_RECURSION = YES;
				CLANG_WARN_INT_CONVERSION = YES;
				CLANG_WARN_NON_LITERAL_NULL_CONVERSION = YES;
				CLANG_WARN_OBJC_IMPLICIT_RETAIN_SELF = YES;
				CLANG_WARN_OBJC_LITERAL_CONVERSION = YES;
				CLANG_WARN_OBJC_ROOT_CLASS = YES_ERROR;
				CLANG_WARN_QUOTED_INCLUDE_IN_FRAMEWORK_HEADER = YES;
				CLANG_WARN_RANGE_LOOP_ANALYSIS = YES;
				CLANG_WARN_STRICT_PROTOTYPES = YES;
				CLANG_WARN_SUSPICIOUS_MOVE = YES;
				CLANG_WARN_UNGUARDED_AVAILABILITY = YES_AGGRESSIVE;
				CLANG_WARN_UNREACHABLE_CODE = YES;
				CLANG_WARN__DUPLICATE_METHOD_MATCH = YES;
				COPY_PHASE_STRIP = NO;
				DEBUG_INFORMATION_FORMAT = "dwarf-with-dsym";
				ENABLE_NS_ASSERTIONS = NO;
				ENABLE_STRICT_OBJC_MSGSEND = YES;
				GCC_C_LANGUAGE_STANDARD = gnu11;
				GCC_NO_COMMON_BLOCKS = YES;
				GCC_WARN_64_TO_32_BIT_CONVERSION = YES;
				GCC_WARN_ABOUT_RETURN_TYPE = YES_ERROR;
				GCC_WARN_UNDECLARED_SELECTOR = YES;
				GCC_WARN_UNINITIALIZED_AUTOS = YES_AGGRESSIVE;
				GCC_WARN_UNUSED_FUNCTION = YES;
				GCC_WARN_UNUSED_VARIABLE = YES;
				IPHONEOS_DEPLOYMENT_TARGET = 15.0;
				MTL_ENABLE_DEBUG_INFO = NO;
				MTL_FAST_MATH = YES;
				SDKROOT = iphoneos;
				SWIFT_COMPILATION_MODE = wholemodule;
				SWIFT_OPTIMIZATION_LEVEL = "-O";
				VALIDATE_PRODUCT = YES;
			};
			name = Release;
		};
		9BD8EABF27CD48EA0033B17C /* Debug */ = {
			isa = XCBuildConfiguration;
			buildSettings = {
				ASSETCATALOG_COMPILER_APPICON_NAME = AppIcon;
				ASSETCATALOG_COMPILER_GLOBAL_ACCENT_COLOR_NAME = AccentColor;
				CODE_SIGN_STYLE = Automatic;
				CURRENT_PROJECT_VERSION = 1;
				GENERATE_INFOPLIST_FILE = YES;
				INFOPLIST_FILE = KullaniciEtkilesimi/Info.plist;
				INFOPLIST_KEY_UIApplicationSupportsIndirectInputEvents = YES;
				INFOPLIST_KEY_UILaunchStoryboardName = LaunchScreen;
				INFOPLIST_KEY_UIMainStoryboardFile = Main;
				INFOPLIST_KEY_UISupportedInterfaceOrientations_iPad = "UIInterfaceOrientationPortrait UIInterfaceOrientationPortraitUpsideDown UIInterfaceOrientationLandscapeLeft UIInterfaceOrientationLandscapeRight";
				INFOPLIST_KEY_UISupportedInterfaceOrientations_iPhone = "UIInterfaceOrientationPortrait UIInterfaceOrientationLandscapeLeft UIInterfaceOrientationLandscapeRight";
				LD_RUNPATH_SEARCH_PATHS = (
					"$(inherited)",
					"@executable_path/Frameworks",
				);
				MARKETING_VERSION = 1.0;
				PRODUCT_BUNDLE_IDENTIFIER = com.info.KullaniciEtkilesimi;
				PRODUCT_NAME = "$(TARGET_NAME)";
				SWIFT_EMIT_LOC_STRINGS = YES;
				SWIFT_VERSION = 5.0;
				TARGETED_DEVICE_FAMILY = "1,2";
			};
			name = Debug;
		};
		9BD8EAC027CD48EA0033B17C /* Release */ = {
			isa = XCBuildConfiguration;
			buildSettings = {
				ASSETCATALOG_COMPILER_APPICON_NAME = AppIcon;
				ASSETCATALOG_COMPILER_GLOBAL_ACCENT_COLOR_NAME = AccentColor;
				CODE_SIGN_STYLE = Automatic;
				CURRENT_PROJECT_VERSION = 1;
				GENERATE_INFOPLIST_FILE = YES;
				INFOPLIST_FILE = KullaniciEtkilesimi/Info.plist;
				INFOPLIST_KEY_UIApplicationSupportsIndirectInputEvents = YES;
				INFOPLIST_KEY_UILaunchStoryboardName = LaunchScreen;
				INFOPLIST_KEY_UIMainStoryboardFile = Main;
				INFOPLIST_KEY_UISupportedInterfaceOrientations_iPad = "UIInterfaceOrientationPortrait UIInterfaceOrientationPortraitUpsideDown UIInterfaceOrientationLandscapeLeft UIInterfaceOrientationLandscapeRight";
				INFOPLIST_KEY_UISupportedInterfaceOrientations_iPhone = "UIInterfaceOrientationPortrait UIInterfaceOrientationLandscapeLeft UIInterfaceOrientationLandscapeRight";
				LD_RUNPATH_SEARCH_PATHS = (
					"$(inherited)",
					"@executable_path/Frameworks",
				);
				MARKETING_VERSION = 1.0;
				PRODUCT_BUNDLE_IDENTIFIER = com.info.KullaniciEtkilesimi;
				PRODUCT_NAME = "$(TARGET_NAME)";
				SWIFT_EMIT_LOC_STRINGS = YES;
				SWIFT_VERSION = 5.0;
				TARGETED_DEVICE_FAMILY = "1,2";
			};
			name = Release;
		};
		9BD8EAC227CD48EA0033B17C /* Debug */ = {
			isa = XCBuildConfiguration;
			buildSettings = {
				ALWAYS_EMBED_SWIFT_STANDARD_LIBRARIES = YES;
				BUNDLE_LOADER = "$(TEST_HOST)";
				CODE_SIGN_STYLE = Automatic;
				CURRENT_PROJECT_VERSION = 1;
				GENERATE_INFOPLIST_FILE = YES;
				IPHONEOS_DEPLOYMENT_TARGET = 15.0;
				LD_RUNPATH_SEARCH_PATHS = (
					"$(inherited)",
					"@executable_path/Frameworks",
					"@loader_path/Frameworks",
				);
				MARKETING_VERSION = 1.0;
				PRODUCT_BUNDLE_IDENTIFIER = com.info.KullaniciEtkilesimiTests;
				PRODUCT_NAME = "$(TARGET_NAME)";
				SWIFT_EMIT_LOC_STRINGS = NO;
				SWIFT_VERSION = 5.0;
				TARGETED_DEVICE_FAMILY = "1,2";
				TEST_HOST = "$(BUILT_PRODUCTS_DIR)/KullaniciEtkilesimi.app/KullaniciEtkilesimi";
			};
			name = Debug;
		};
		9BD8EAC327CD48EA0033B17C /* Release */ = {
			isa = XCBuildConfiguration;
			buildSettings = {
				ALWAYS_EMBED_SWIFT_STANDARD_LIBRARIES = YES;
				BUNDLE_LOADER = "$(TEST_HOST)";
				CODE_SIGN_STYLE = Automatic;
				CURRENT_PROJECT_VERSION = 1;
				GENERATE_INFOPLIST_FILE = YES;
				IPHONEOS_DEPLOYMENT_TARGET = 15.0;
				LD_RUNPATH_SEARCH_PATHS = (
					"$(inherited)",
					"@executable_path/Frameworks",
					"@loader_path/Frameworks",
				);
				MARKETING_VERSION = 1.0;
				PRODUCT_BUNDLE_IDENTIFIER = com.info.KullaniciEtkilesimiTests;
				PRODUCT_NAME = "$(TARGET_NAME)";
				SWIFT_EMIT_LOC_STRINGS = NO;
				SWIFT_VERSION = 5.0;
				TARGETED_DEVICE_FAMILY = "1,2";
				TEST_HOST = "$(BUILT_PRODUCTS_DIR)/KullaniciEtkilesimi.app/KullaniciEtkilesimi";
			};
			name = Release;
		};
		9BD8EAC527CD48EA0033B17C /* Debug */ = {
			isa = XCBuildConfiguration;
			buildSettings = {
				ALWAYS_EMBED_SWIFT_STANDARD_LIBRARIES = YES;
				CODE_SIGN_STYLE = Automatic;
				CURRENT_PROJECT_VERSION = 1;
				GENERATE_INFOPLIST_FILE = YES;
				LD_RUNPATH_SEARCH_PATHS = (
					"$(inherited)",
					"@executable_path/Frameworks",
					"@loader_path/Frameworks",
				);
				MARKETING_VERSION = 1.0;
				PRODUCT_BUNDLE_IDENTIFIER = com.info.KullaniciEtkilesimiUITests;
				PRODUCT_NAME = "$(TARGET_NAME)";
				SWIFT_EMIT_LOC_STRINGS = NO;
				SWIFT_VERSION = 5.0;
				TARGETED_DEVICE_FAMILY = "1,2";
				TEST_TARGET_NAME = KullaniciEtkilesimi;
			};
			name = Debug;
		};
		9BD8EAC627CD48EA0033B17C /* Release */ = {
			isa = XCBuildConfiguration;
			buildSettings = {
				ALWAYS_EMBED_SWIFT_STANDARD_LIBRARIES = YES;
				CODE_SIGN_STYLE = Automatic;
				CURRENT_PROJECT_VERSION = 1;
				GENERATE_INFOPLIST_FILE = YES;
				LD_RUNPATH_SEARCH_PATHS = (
					"$(inherited)",
					"@executable_path/Frameworks",
					"@loader_path/Frameworks",
				);
				MARKETING_VERSION = 1.0;
				PRODUCT_BUNDLE_IDENTIFIER = com.info.KullaniciEtkilesimiUITests;
				PRODUCT_NAME = "$(TARGET_NAME)";
				SWIFT_EMIT_LOC_STRINGS = NO;
				SWIFT_VERSION = 5.0;
				TARGETED_DEVICE_FAMILY = "1,2";
				TEST_TARGET_NAME = KullaniciEtkilesimi;
			};
			name = Release;
		};
/* End XCBuildConfiguration section */

/* Begin XCConfigurationList section */
		9BD8EA8F27CD48E80033B17C /* Build configuration list for PBXProject "KullaniciEtkilesimi" */ = {
			isa = XCConfigurationList;
			buildConfigurations = (
				9BD8EABC27CD48EA0033B17C /* Debug */,
				9BD8EABD27CD48EA0033B17C /* Release */,
			);
			defaultConfigurationIsVisible = 0;
			defaultConfigurationName = Release;
		};
		9BD8EABE27CD48EA0033B17C /* Build configuration list for PBXNativeTarget "KullaniciEtkilesimi" */ = {
			isa = XCConfigurationList;
			buildConfigurations = (
				9BD8EABF27CD48EA0033B17C /* Debug */,
				9BD8EAC027CD48EA0033B17C /* Release */,
			);
			defaultConfigurationIsVisible = 0;
			defaultConfigurationName = Release;
		};
		9BD8EAC127CD48EA0033B17C /* Build configuration list for PBXNativeTarget "KullaniciEtkilesimiTests" */ = {
			isa = XCConfigurationList;
			buildConfigurations = (
				9BD8EAC227CD48EA0033B17C /* Debug */,
				9BD8EAC327CD48EA0033B17C /* Release */,
			);
			defaultConfigurationIsVisible = 0;
			defaultConfigurationName = Release;
		};
		9BD8EAC427CD48EA0033B17C /* Build configuration list for PBXNativeTarget "KullaniciEtkilesimiUITests" */ = {
			isa = XCConfigurationList;
			buildConfigurations = (
				9BD8EAC527CD48EA0033B17C /* Debug */,
				9BD8EAC627CD48EA0033B17C /* Release */,
			);
			defaultConfigurationIsVisible = 0;
			defaultConfigurationName = Release;
		};
/* End XCConfigurationList section */
	};
	rootObject = 9BD8EA8C27CD48E80033B17C /* Project object */;
}
